// !$*UTF8*$!
{
	archiveVersion = 1;
	classes = {
	};
	objectVersion = 77;
	objects = {

/* Begin PBXBuildFile section */
		0106686D777FFFF9D69DC89C /* MarkerOverlay.swift in Sources */ = {isa = PBXBuildFile; fileRef = BCAE246C24004E85BACBB134 /* MarkerOverlay.swift */; };
		169F45E3624AC8D420570915 /* ContentView.swift in Sources */ = {isa = PBXBuildFile; fileRef = 5CE73A51C83B03DD44C69184 /* ContentView.swift */; };
		17E380B0E167F357D6AB1E19 /* AppVersion.swift in Sources */ = {isa = PBXBuildFile; fileRef = 3B72E7A9186EF104EB84B64D /* AppVersion.swift */; };
		280AD6F6F4DA4BCBBB279178 /* iPhoneFrameOverlay.swift in Sources */ = {isa = PBXBuildFile; fileRef = AF04B2EA192B2B6098F37515 /* iPhoneFrameOverlay.swift */; };
		327A5ABE5012EA9D636D38A6 /* NoteBadge.swift in Sources */ = {isa = PBXBuildFile; fileRef = 157316A32085744ED83F21B1 /* NoteBadge.swift */; };
		368727EBEC1349DCE39208BC /* RoadmapRenderer.swift in Sources */ = {isa = PBXBuildFile; fileRef = FE0EE155E45B86DD3BA4F3EC /* RoadmapRenderer.swift */; };
		422AFB1F4FFAB770EDA3AB83 /* iPhoneFrameMath.swift in Sources */ = {isa = PBXBuildFile; fileRef = 9A38CC988797D527794A5E12 /* iPhoneFrameMath.swift */; };
		46E5113F9F44EF2E47008BF8 /* SpecType.swift in Sources */ = {isa = PBXBuildFile; fileRef = CCBA32E9EE21CC93560D21D9 /* SpecType.swift */; };
		47432578C2C5B349E43399D5 /* EditShapeSheet.swift in Sources */ = {isa = PBXBuildFile; fileRef = 679289B3F55CF3B29F59BA94 /* EditShapeSheet.swift */; };
		550C7F93B7C1B462BDBE182F /* PreviewSheet.swift in Sources */ = {isa = PBXBuildFile; fileRef = AA778DD18F8C69B4EBB4E665 /* PreviewSheet.swift */; };
		5A0924A8E179E943AE569925 /* CollapseBadge.swift in Sources */ = {isa = PBXBuildFile; fileRef = B5A1B0B3383152BC71230968 /* CollapseBadge.swift */; };
		5C118A49347D8C65FA5F5EE1 /* MermaidCodeSheet.swift in Sources */ = {isa = PBXBuildFile; fileRef = AACBAEF360A6118E07BB4428 /* MermaidCodeSheet.swift */; };
		6A15550F9E76856972709591 /* UIRenderer.swift in Sources */ = {isa = PBXBuildFile; fileRef = 27D540AE0DFC8B748CA38B42 /* UIRenderer.swift */; };
		7437B62EA81BC3AC010D6303 /* ShapeNode.swift in Sources */ = {isa = PBXBuildFile; fileRef = BC6C55EAC4AF34DD4A5003A3 /* ShapeNode.swift */; };
		774EC58465369A580480737D /* CanvasModel.swift in Sources */ = {isa = PBXBuildFile; fileRef = 214C9429A5A7019AFB3A5335 /* CanvasModel.swift */; };
		91D5939D222D1EE1D8D9B513 /* DotGridBackground.swift in Sources */ = {isa = PBXBuildFile; fileRef = FD52D3CE9BC39876E2E62058 /* DotGridBackground.swift */; };
		9908CFE06D700CBADF9FC0A2 /* UIScreenRenderer.swift in Sources */ = {isa = PBXBuildFile; fileRef = 194511A274EBDFF34B92704A /* UIScreenRenderer.swift */; };
		A473B7C70296839A9CC9B68A /* FlowRenderer.swift in Sources */ = {isa = PBXBuildFile; fileRef = 64EF62965178F51889E1F471 /* FlowRenderer.swift */; };
		A6112259B6F82F3D230BB9F3 /* ToolbarView.swift in Sources */ = {isa = PBXBuildFile; fileRef = 6C0B873635193E39B3DFE265 /* ToolbarView.swift */; };
		B5A50CAED84230A37DF40B17 /* CanvasDocument.swift in Sources */ = {isa = PBXBuildFile; fileRef = 20521F32F9E57397B2DE618B /* CanvasDocument.swift */; };
		BCA63851BA4296D3609DF04B /* CanvasFileManager.swift in Sources */ = {isa = PBXBuildFile; fileRef = D4C1E249608A6B60BB047C6C /* CanvasFileManager.swift */; };
		BDE34071F09F124EE05E8BC7 /* SpecialShapesMenu.swift in Sources */ = {isa = PBXBuildFile; fileRef = 6B9BBA61E24BC7DACC5B40DB /* SpecialShapesMenu.swift */; };
		BE6206740C93702F54C853D6 /* SelectionHandles.swift in Sources */ = {isa = PBXBuildFile; fileRef = AD54D175CDE188E929CBCFF0 /* SelectionHandles.swift */; };
		C3D292667697648BE2110A8A /* MermaidCanvasApp.swift in Sources */ = {isa = PBXBuildFile; fileRef = 5B6F079D15D4D217E25CCA7A /* MermaidCanvasApp.swift */; };
		C6D5781519E6F6C8D1E254AD /* EdgeConnection.swift in Sources */ = {isa = PBXBuildFile; fileRef = 772E436BDF9309FA34D00B75 /* EdgeConnection.swift */; };
		CD700493FBC2700C87964F5A /* ArchitectureRenderer.swift in Sources */ = {isa = PBXBuildFile; fileRef = B59F0772F48D2E992981C75D /* ArchitectureRenderer.swift */; };
		D27F4CE48C4D343A37930592 /* ShapeCategory.swift in Sources */ = {isa = PBXBuildFile; fileRef = AD21FA8F5DC5FD6CF6C21717 /* ShapeCategory.swift */; };
		D4DCD695BC41D0BC10ED943E /* MermaidGenerator.swift in Sources */ = {isa = PBXBuildFile; fileRef = 773E26EEF5D1BFF7AAF208EC /* MermaidGenerator.swift */; };
		D94270A0C928F8A7DBD007DC /* CanvasView.swift in Sources */ = {isa = PBXBuildFile; fileRef = 15A8EDAC97692F06FFD900DD /* CanvasView.swift */; };
		F924F6E6A24F68A0E6D09C34 /* SpecTypePicker.swift in Sources */ = {isa = PBXBuildFile; fileRef = 46D1C7C0F03506DB8028EF55 /* SpecTypePicker.swift */; };
		FC9084E24FF07A48A593D8DA /* MermaidParser.swift in Sources */ = {isa = PBXBuildFile; fileRef = 4A177F6C2EEBA78E4CCE48E0 /* MermaidParser.swift */; };
		FE084A5D5C3C9079E11FF5EF /* ColorPickerPopover.swift in Sources */ = {isa = PBXBuildFile; fileRef = 48465A1F613BBD68E26CD870 /* ColorPickerPopover.swift */; };
/* End PBXBuildFile section */

/* Begin PBXFileReference section */
		157316A32085744ED83F21B1 /* NoteBadge.swift */ = {isa = PBXFileReference; lastKnownFileType = sourcecode.swift; path = NoteBadge.swift; sourceTree = "<group>"; };
		15A8EDAC97692F06FFD900DD /* CanvasView.swift */ = {isa = PBXFileReference; lastKnownFileType = sourcecode.swift; path = CanvasView.swift; sourceTree = "<group>"; };
		194511A274EBDFF34B92704A /* UIScreenRenderer.swift */ = {isa = PBXFileReference; lastKnownFileType = sourcecode.swift; path = UIScreenRenderer.swift; sourceTree = "<group>"; };
		20521F32F9E57397B2DE618B /* CanvasDocument.swift */ = {isa = PBXFileReference; lastKnownFileType = sourcecode.swift; path = CanvasDocument.swift; sourceTree = "<group>"; };
		214C9429A5A7019AFB3A5335 /* CanvasModel.swift */ = {isa = PBXFileReference; lastKnownFileType = sourcecode.swift; path = CanvasModel.swift; sourceTree = "<group>"; };
		27D540AE0DFC8B748CA38B42 /* UIRenderer.swift */ = {isa = PBXFileReference; lastKnownFileType = sourcecode.swift; path = UIRenderer.swift; sourceTree = "<group>"; };
		3B72E7A9186EF104EB84B64D /* AppVersion.swift */ = {isa = PBXFileReference; lastKnownFileType = sourcecode.swift; path = AppVersion.swift; sourceTree = "<group>"; };
		46D1C7C0F03506DB8028EF55 /* SpecTypePicker.swift */ = {isa = PBXFileReference; lastKnownFileType = sourcecode.swift; path = SpecTypePicker.swift; sourceTree = "<group>"; };
		48465A1F613BBD68E26CD870 /* ColorPickerPopover.swift */ = {isa = PBXFileReference; lastKnownFileType = sourcecode.swift; path = ColorPickerPopover.swift; sourceTree = "<group>"; };
		4A177F6C2EEBA78E4CCE48E0 /* MermaidParser.swift */ = {isa = PBXFileReference; lastKnownFileType = sourcecode.swift; path = MermaidParser.swift; sourceTree = "<group>"; };
		5B6F079D15D4D217E25CCA7A /* MermaidCanvasApp.swift */ = {isa = PBXFileReference; lastKnownFileType = sourcecode.swift; path = MermaidCanvasApp.swift; sourceTree = "<group>"; };
		5CE73A51C83B03DD44C69184 /* ContentView.swift */ = {isa = PBXFileReference; lastKnownFileType = sourcecode.swift; path = ContentView.swift; sourceTree = "<group>"; };
		64EF62965178F51889E1F471 /* FlowRenderer.swift */ = {isa = PBXFileReference; lastKnownFileType = sourcecode.swift; path = FlowRenderer.swift; sourceTree = "<group>"; };
		679289B3F55CF3B29F59BA94 /* EditShapeSheet.swift */ = {isa = PBXFileReference; lastKnownFileType = sourcecode.swift; path = EditShapeSheet.swift; sourceTree = "<group>"; };
		6B9BBA61E24BC7DACC5B40DB /* SpecialShapesMenu.swift */ = {isa = PBXFileReference; lastKnownFileType = sourcecode.swift; path = SpecialShapesMenu.swift; sourceTree = "<group>"; };
		6C0B873635193E39B3DFE265 /* ToolbarView.swift */ = {isa = PBXFileReference; lastKnownFileType = sourcecode.swift; path = ToolbarView.swift; sourceTree = "<group>"; };
		772E436BDF9309FA34D00B75 /* EdgeConnection.swift */ = {isa = PBXFileReference; lastKnownFileType = sourcecode.swift; path = EdgeConnection.swift; sourceTree = "<group>"; };
		773E26EEF5D1BFF7AAF208EC /* MermaidGenerator.swift */ = {isa = PBXFileReference; lastKnownFileType = sourcecode.swift; path = MermaidGenerator.swift; sourceTree = "<group>"; };
		9A38CC988797D527794A5E12 /* iPhoneFrameMath.swift */ = {isa = PBXFileReference; lastKnownFileType = sourcecode.swift; path = iPhoneFrameMath.swift; sourceTree = "<group>"; };
		A41FA538C9BC15A0207D05FA /* MermaidCanvas.app */ = {isa = PBXFileReference; includeInIndex = 0; lastKnownFileType = wrapper.application; path = MermaidCanvas.app; sourceTree = BUILT_PRODUCTS_DIR; };
		AA778DD18F8C69B4EBB4E665 /* PreviewSheet.swift */ = {isa = PBXFileReference; lastKnownFileType = sourcecode.swift; path = PreviewSheet.swift; sourceTree = "<group>"; };
		AACBAEF360A6118E07BB4428 /* MermaidCodeSheet.swift */ = {isa = PBXFileReference; lastKnownFileType = sourcecode.swift; path = MermaidCodeSheet.swift; sourceTree = "<group>"; };
		AD21FA8F5DC5FD6CF6C21717 /* ShapeCategory.swift */ = {isa = PBXFileReference; lastKnownFileType = sourcecode.swift; path = ShapeCategory.swift; sourceTree = "<group>"; };
		AD54D175CDE188E929CBCFF0 /* SelectionHandles.swift */ = {isa = PBXFileReference; lastKnownFileType = sourcecode.swift; path = SelectionHandles.swift; sourceTree = "<group>"; };
		AF04B2EA192B2B6098F37515 /* iPhoneFrameOverlay.swift */ = {isa = PBXFileReference; lastKnownFileType = sourcecode.swift; path = iPhoneFrameOverlay.swift; sourceTree = "<group>"; };
		B59F0772F48D2E992981C75D /* ArchitectureRenderer.swift */ = {isa = PBXFileReference; lastKnownFileType = sourcecode.swift; path = ArchitectureRenderer.swift; sourceTree = "<group>"; };
		B5A1B0B3383152BC71230968 /* CollapseBadge.swift */ = {isa = PBXFileReference; lastKnownFileType = sourcecode.swift; path = CollapseBadge.swift; sourceTree = "<group>"; };
		BC6C55EAC4AF34DD4A5003A3 /* ShapeNode.swift */ = {isa = PBXFileReference; lastKnownFileType = sourcecode.swift; path = ShapeNode.swift; sourceTree = "<group>"; };
		BCAE246C24004E85BACBB134 /* MarkerOverlay.swift */ = {isa = PBXFileReference; lastKnownFileType = sourcecode.swift; path = MarkerOverlay.swift; sourceTree = "<group>"; };
		CCBA32E9EE21CC93560D21D9 /* SpecType.swift */ = {isa = PBXFileReference; lastKnownFileType = sourcecode.swift; path = SpecType.swift; sourceTree = "<group>"; };
		D4C1E249608A6B60BB047C6C /* CanvasFileManager.swift */ = {isa = PBXFileReference; lastKnownFileType = sourcecode.swift; path = CanvasFileManager.swift; sourceTree = "<group>"; };
		FD52D3CE9BC39876E2E62058 /* DotGridBackground.swift */ = {isa = PBXFileReference; lastKnownFileType = sourcecode.swift; path = DotGridBackground.swift; sourceTree = "<group>"; };
		FE0EE155E45B86DD3BA4F3EC /* RoadmapRenderer.swift */ = {isa = PBXFileReference; lastKnownFileType = sourcecode.swift; path = RoadmapRenderer.swift; sourceTree = "<group>"; };
/* End PBXFileReference section */

/* Begin PBXGroup section */
		07A07B75A8EA6FFF1313A664 /* Models */ = {
			isa = PBXGroup;
			children = (
				214C9429A5A7019AFB3A5335 /* CanvasModel.swift */,
				772E436BDF9309FA34D00B75 /* EdgeConnection.swift */,
				9A38CC988797D527794A5E12 /* iPhoneFrameMath.swift */,
				AD21FA8F5DC5FD6CF6C21717 /* ShapeCategory.swift */,
				BC6C55EAC4AF34DD4A5003A3 /* ShapeNode.swift */,
				CCBA32E9EE21CC93560D21D9 /* SpecType.swift */,
			);
			path = Models;
			sourceTree = "<group>";
		};
		4D94A3A742023EF3733588D3 = {
			isa = PBXGroup;
			children = (
				660D91CE59927312F56CDC86 /* Sources */,
				78CD20FCFFFAFA27623030C3 /* Products */,
			);
			sourceTree = "<group>";
		};
		530D6F6567761002C0688F9A /* Views */ = {
			isa = PBXGroup;
			children = (
				15A8EDAC97692F06FFD900DD /* CanvasView.swift */,
				B5A1B0B3383152BC71230968 /* CollapseBadge.swift */,
				48465A1F613BBD68E26CD870 /* ColorPickerPopover.swift */,
				FD52D3CE9BC39876E2E62058 /* DotGridBackground.swift */,
				679289B3F55CF3B29F59BA94 /* EditShapeSheet.swift */,
				AF04B2EA192B2B6098F37515 /* iPhoneFrameOverlay.swift */,
				BCAE246C24004E85BACBB134 /* MarkerOverlay.swift */,
				AACBAEF360A6118E07BB4428 /* MermaidCodeSheet.swift */,
				157316A32085744ED83F21B1 /* NoteBadge.swift */,
				AA778DD18F8C69B4EBB4E665 /* PreviewSheet.swift */,
				6B9BBA61E24BC7DACC5B40DB /* SpecialShapesMenu.swift */,
				46D1C7C0F03506DB8028EF55 /* SpecTypePicker.swift */,
				6C0B873635193E39B3DFE265 /* ToolbarView.swift */,
				75D2EB75DCCCF2B2D4A3E2ED /* Handles */,
			);
			path = Views;
			sourceTree = "<group>";
		};
		660D91CE59927312F56CDC86 /* Sources */ = {
			isa = PBXGroup;
			children = (
				3B72E7A9186EF104EB84B64D /* AppVersion.swift */,
				5CE73A51C83B03DD44C69184 /* ContentView.swift */,
				5B6F079D15D4D217E25CCA7A /* MermaidCanvasApp.swift */,
				7FC76266063536257C1D33CF /* Mermaid */,
				07A07B75A8EA6FFF1313A664 /* Models */,
				95E86873E60B16C0783520A7 /* Persistence */,
				A84830F50BD11E8F4CFE8986 /* Preview */,
				530D6F6567761002C0688F9A /* Views */,
			);
			path = Sources;
			sourceTree = "<group>";
		};
		75D2EB75DCCCF2B2D4A3E2ED /* Handles */ = {
			isa = PBXGroup;
			children = (
				AD54D175CDE188E929CBCFF0 /* SelectionHandles.swift */,
			);
			path = Handles;
			sourceTree = "<group>";
		};
		78CD20FCFFFAFA27623030C3 /* Products */ = {
			isa = PBXGroup;
			children = (
				A41FA538C9BC15A0207D05FA /* MermaidCanvas.app */,
			);
			name = Products;
			sourceTree = "<group>";
		};
		7FC76266063536257C1D33CF /* Mermaid */ = {
			isa = PBXGroup;
			children = (
				773E26EEF5D1BFF7AAF208EC /* MermaidGenerator.swift */,
				4A177F6C2EEBA78E4CCE48E0 /* MermaidParser.swift */,
			);
			path = Mermaid;
			sourceTree = "<group>";
		};
		95E86873E60B16C0783520A7 /* Persistence */ = {
			isa = PBXGroup;
			children = (
				20521F32F9E57397B2DE618B /* CanvasDocument.swift */,
				D4C1E249608A6B60BB047C6C /* CanvasFileManager.swift */,
			);
			path = Persistence;
			sourceTree = "<group>";
		};
		A84830F50BD11E8F4CFE8986 /* Preview */ = {
			isa = PBXGroup;
			children = (
				B59F0772F48D2E992981C75D /* ArchitectureRenderer.swift */,
				64EF62965178F51889E1F471 /* FlowRenderer.swift */,
				FE0EE155E45B86DD3BA4F3EC /* RoadmapRenderer.swift */,
				27D540AE0DFC8B748CA38B42 /* UIRenderer.swift */,
				194511A274EBDFF34B92704A /* UIScreenRenderer.swift */,
			);
			path = Preview;
			sourceTree = "<group>";
		};
/* End PBXGroup section */

/* Begin PBXNativeTarget section */
		928846310326DCCC8D417F46 /* MermaidCanvas */ = {
			isa = PBXNativeTarget;
			buildConfigurationList = 2E0D5929DCCA552A2B1FF907 /* Build configuration list for PBXNativeTarget "MermaidCanvas" */;
			buildPhases = (
				A718CA4E2B891E5304E37B84 /* Sources */,
			);
			buildRules = (
			);
			dependencies = (
			);
			name = MermaidCanvas;
			packageProductDependencies = (
			);
			productName = MermaidCanvas;
			productReference = A41FA538C9BC15A0207D05FA /* MermaidCanvas.app */;
			productType = "com.apple.product-type.application";
		};
/* End PBXNativeTarget section */

/* Begin PBXProject section */
		D5E6C3DA22FF8DB06D25532C /* Project object */ = {
			isa = PBXProject;
			attributes = {
				BuildIndependentTargetsInParallel = YES;
				LastUpgradeCheck = 1430;
				TargetAttributes = {
					928846310326DCCC8D417F46 = {
						DevelopmentTeam = SFXR8MV6MP;
						ProvisioningStyle = Automatic;
					};
				};
			};
			buildConfigurationList = 76EF1AD47284ED535A36057D /* Build configuration list for PBXProject "MermaidCanvas" */;
			developmentRegion = en;
			hasScannedForEncodings = 0;
			knownRegions = (
				Base,
				en,
			);
			mainGroup = 4D94A3A742023EF3733588D3;
			minimizedProjectReferenceProxies = 1;
			preferredProjectObjectVersion = 77;
			productRefGroup = 78CD20FCFFFAFA27623030C3 /* Products */;
			projectDirPath = "";
			projectRoot = "";
			targets = (
				928846310326DCCC8D417F46 /* MermaidCanvas */,
			);
		};
/* End PBXProject section */

/* Begin PBXSourcesBuildPhase section */
		A718CA4E2B891E5304E37B84 /* Sources */ = {
			isa = PBXSourcesBuildPhase;
			buildActionMask = 2147483647;
			files = (
				17E380B0E167F357D6AB1E19 /* AppVersion.swift in Sources */,
				CD700493FBC2700C87964F5A /* ArchitectureRenderer.swift in Sources */,
				B5A50CAED84230A37DF40B17 /* CanvasDocument.swift in Sources */,
				BCA63851BA4296D3609DF04B /* CanvasFileManager.swift in Sources */,
				774EC58465369A580480737D /* CanvasModel.swift in Sources */,
				D94270A0C928F8A7DBD007DC /* CanvasView.swift in Sources */,
				5A0924A8E179E943AE569925 /* CollapseBadge.swift in Sources */,
				FE084A5D5C3C9079E11FF5EF /* ColorPickerPopover.swift in Sources */,
				169F45E3624AC8D420570915 /* ContentView.swift in Sources */,
				91D5939D222D1EE1D8D9B513 /* DotGridBackground.swift in Sources */,
				C6D5781519E6F6C8D1E254AD /* EdgeConnection.swift in Sources */,
				47432578C2C5B349E43399D5 /* EditShapeSheet.swift in Sources */,
				A473B7C70296839A9CC9B68A /* FlowRenderer.swift in Sources */,
				0106686D777FFFF9D69DC89C /* MarkerOverlay.swift in Sources */,
				C3D292667697648BE2110A8A /* MermaidCanvasApp.swift in Sources */,
				5C118A49347D8C65FA5F5EE1 /* MermaidCodeSheet.swift in Sources */,
				D4DCD695BC41D0BC10ED943E /* MermaidGenerator.swift in Sources */,
				FC9084E24FF07A48A593D8DA /* MermaidParser.swift in Sources */,
				327A5ABE5012EA9D636D38A6 /* NoteBadge.swift in Sources */,
				550C7F93B7C1B462BDBE182F /* PreviewSheet.swift in Sources */,
				368727EBEC1349DCE39208BC /* RoadmapRenderer.swift in Sources */,
				BE6206740C93702F54C853D6 /* SelectionHandles.swift in Sources */,
				D27F4CE48C4D343A37930592 /* ShapeCategory.swift in Sources */,
				7437B62EA81BC3AC010D6303 /* ShapeNode.swift in Sources */,
				46E5113F9F44EF2E47008BF8 /* SpecType.swift in Sources */,
				F924F6E6A24F68A0E6D09C34 /* SpecTypePicker.swift in Sources */,
				BDE34071F09F124EE05E8BC7 /* SpecialShapesMenu.swift in Sources */,
				A6112259B6F82F3D230BB9F3 /* ToolbarView.swift in Sources */,
				6A15550F9E76856972709591 /* UIRenderer.swift in Sources */,
				9908CFE06D700CBADF9FC0A2 /* UIScreenRenderer.swift in Sources */,
				422AFB1F4FFAB770EDA3AB83 /* iPhoneFrameMath.swift in Sources */,
				280AD6F6F4DA4BCBBB279178 /* iPhoneFrameOverlay.swift in Sources */,
			);
			runOnlyForDeploymentPostprocessing = 0;
		};
/* End PBXSourcesBuildPhase section */

/* Begin XCBuildConfiguration section */
		42292B4B2F0F8805125EE1A1 /* Release */ = {
			isa = XCBuildConfiguration;
			buildSettings = {
				ASSETCATALOG_COMPILER_APPICON_NAME = AppIcon;
				CODE_SIGN_IDENTITY = "iPhone Developer";
				CODE_SIGN_STYLE = Automatic;
				DEVELOPMENT_TEAM = SFXR8MV6MP;
				ENABLE_PREVIEWS = YES;
				GENERATE_INFOPLIST_FILE = YES;
				INFOPLIST_KEY_CFBundleDisplayName = MermaidCanvas;
				INFOPLIST_KEY_LSSupportsOpeningDocumentsInPlace = YES;
				INFOPLIST_KEY_UIApplicationSceneManifest_Generation = YES;
				INFOPLIST_KEY_UIFileSharingEnabled = YES;
				INFOPLIST_KEY_UILaunchScreen_Generation = YES;
				INFOPLIST_KEY_UISupportedInterfaceOrientations = UIInterfaceOrientationPortrait;
				LD_RUNPATH_SEARCH_PATHS = (
					"$(inherited)",
					"@executable_path/Frameworks",
				);
				PRODUCT_BUNDLE_IDENTIFIER = com.kimlundqvist.mermaidcanvas;
				SDKROOT = iphoneos;
				TARGETED_DEVICE_FAMILY = 1;
			};
			name = Release;
		};
		54485E35E5F1281D88431891 /* Debug */ = {
			isa = XCBuildConfiguration;
			buildSettings = {
				ASSETCATALOG_COMPILER_APPICON_NAME = AppIcon;
				CODE_SIGN_IDENTITY = "iPhone Developer";
				CODE_SIGN_STYLE = Automatic;
				DEVELOPMENT_TEAM = SFXR8MV6MP;
				ENABLE_PREVIEWS = YES;
				GENERATE_INFOPLIST_FILE = YES;
				INFOPLIST_KEY_CFBundleDisplayName = MermaidCanvas;
				INFOPLIST_KEY_LSSupportsOpeningDocumentsInPlace = YES;
				INFOPLIST_KEY_UIApplicationSceneManifest_Generation = YES;
				INFOPLIST_KEY_UIFileSharingEnabled = YES;
				INFOPLIST_KEY_UILaunchScreen_Generation = YES;
				INFOPLIST_KEY_UISupportedInterfaceOrientations = UIInterfaceOrientationPortrait;
				LD_RUNPATH_SEARCH_PATHS = (
					"$(inherited)",
					"@executable_path/Frameworks",
				);
				PRODUCT_BUNDLE_IDENTIFIER = com.kimlundqvist.mermaidcanvas;
				SDKROOT = iphoneos;
				TARGETED_DEVICE_FAMILY = 1;
			};
			name = Debug;
		};
		DD0B3C294EDDFEC836EB77B2 /* Release */ = {
			isa = XCBuildConfiguration;
			buildSettings = {
				ALWAYS_SEARCH_USER_PATHS = NO;
				CLANG_ANALYZER_NONNULL = YES;
				CLANG_ANALYZER_NUMBER_OBJECT_CONVERSION = YES_AGGRESSIVE;
				CLANG_CXX_LANGUAGE_STANDARD = "gnu++14";
				CLANG_CXX_LIBRARY = "libc++";
				CLANG_ENABLE_MODULES = YES;
				CLANG_ENABLE_OBJC_ARC = YES;
				CLANG_ENABLE_OBJC_WEAK = YES;
				CLANG_WARN_BLOCK_CAPTURE_AUTORELEASING = YES;
				CLANG_WARN_BOOL_CONVERSION = YES;
				CLANG_WARN_COMMA = YES;
				CLANG_WARN_CONSTANT_CONVERSION = YES;
				CLANG_WARN_DEPRECATED_OBJC_IMPLEMENTATIONS = YES;
				CLANG_WARN_DIRECT_OBJC_ISA_USAGE = YES_ERROR;
				CLANG_WARN_DOCUMENTATION_COMMENTS = YES;
				CLANG_WARN_EMPTY_BODY = YES;
				CLANG_WARN_ENUM_CONVERSION = YES;
				CLANG_WARN_INFINITE_RECURSION = YES;
				CLANG_WARN_INT_CONVERSION = YES;
				CLANG_WARN_NON_LITERAL_NULL_CONVERSION = YES;
				CLANG_WARN_OBJC_IMPLICIT_RETAIN_SELF = YES;
				CLANG_WARN_OBJC_LITERAL_CONVERSION = YES;
				CLANG_WARN_OBJC_ROOT_CLASS = YES_ERROR;
				CLANG_WARN_QUOTED_INCLUDE_IN_FRAMEWORK_HEADER = YES;
				CLANG_WARN_RANGE_LOOP_ANALYSIS = YES;
				CLANG_WARN_STRICT_PROTOTYPES = YES;
				CLANG_WARN_SUSPICIOUS_MOVE = YES;
				CLANG_WARN_UNGUARDED_AVAILABILITY = YES_AGGRESSIVE;
				CLANG_WARN_UNREACHABLE_CODE = YES;
				CLANG_WARN__DUPLICATE_METHOD_MATCH = YES;
				CODE_SIGN_STYLE = Automatic;
				COPY_PHASE_STRIP = NO;
				CURRENT_PROJECT_VERSION = 1;
				DEBUG_INFORMATION_FORMAT = "dwarf-with-dsym";
				DEVELOPMENT_TEAM = SFXR8MV6MP;
				ENABLE_NS_ASSERTIONS = NO;
				ENABLE_STRICT_OBJC_MSGSEND = YES;
				GCC_C_LANGUAGE_STANDARD = gnu11;
				GCC_NO_COMMON_BLOCKS = YES;
				GCC_WARN_64_TO_32_BIT_CONVERSION = YES;
				GCC_WARN_ABOUT_RETURN_TYPE = YES_ERROR;
				GCC_WARN_UNDECLARED_SELECTOR = YES;
				GCC_WARN_UNINITIALIZED_AUTOS = YES_AGGRESSIVE;
				GCC_WARN_UNUSED_FUNCTION = YES;
				GCC_WARN_UNUSED_VARIABLE = YES;
				IPHONEOS_DEPLOYMENT_TARGET = 17.0;
				MARKETING_VERSION = 1.0;
				MTL_ENABLE_DEBUG_INFO = NO;
				MTL_FAST_MATH = YES;
				PRODUCT_NAME = "$(TARGET_NAME)";
				SDKROOT = iphoneos;
				SWIFT_COMPILATION_MODE = wholemodule;
				SWIFT_OPTIMIZATION_LEVEL = "-O";
				SWIFT_VERSION = 5.0;
			};
			name = Release;
		};
		F8A733BB484D4FDD5918688B /* Debug */ = {
			isa = XCBuildConfiguration;
			buildSettings = {
				ALWAYS_SEARCH_USER_PATHS = NO;
				CLANG_ANALYZER_NONNULL = YES;
				CLANG_ANALYZER_NUMBER_OBJECT_CONVERSION = YES_AGGRESSIVE;
				CLANG_CXX_LANGUAGE_STANDARD = "gnu++14";
				CLANG_CXX_LIBRARY = "libc++";
				CLANG_ENABLE_MODULES = YES;
				CLANG_ENABLE_OBJC_ARC = YES;
				CLANG_ENABLE_OBJC_WEAK = YES;
				CLANG_WARN_BLOCK_CAPTURE_AUTORELEASING = YES;
				CLANG_WARN_BOOL_CONVERSION = YES;
				CLANG_WARN_COMMA = YES;
				CLANG_WARN_CONSTANT_CONVERSION = YES;
				CLANG_WARN_DEPRECATED_OBJC_IMPLEMENTATIONS = YES;
				CLANG_WARN_DIRECT_OBJC_ISA_USAGE = YES_ERROR;
				CLANG_WARN_DOCUMENTATION_COMMENTS = YES;
				CLANG_WARN_EMPTY_BODY = YES;
				CLANG_WARN_ENUM_CONVERSION = YES;
				CLANG_WARN_INFINITE_RECURSION = YES;
				CLANG_WARN_INT_CONVERSION = YES;
				CLANG_WARN_NON_LITERAL_NULL_CONVERSION = YES;
				CLANG_WARN_OBJC_IMPLICIT_RETAIN_SELF = YES;
				CLANG_WARN_OBJC_LITERAL_CONVERSION = YES;
				CLANG_WARN_OBJC_ROOT_CLASS = YES_ERROR;
				CLANG_WARN_QUOTED_INCLUDE_IN_FRAMEWORK_HEADER = YES;
				CLANG_WARN_RANGE_LOOP_ANALYSIS = YES;
				CLANG_WARN_STRICT_PROTOTYPES = YES;
				CLANG_WARN_SUSPICIOUS_MOVE = YES;
				CLANG_WARN_UNGUARDED_AVAILABILITY = YES_AGGRESSIVE;
				CLANG_WARN_UNREACHABLE_CODE = YES;
				CLANG_WARN__DUPLICATE_METHOD_MATCH = YES;
				CODE_SIGN_STYLE = Automatic;
				COPY_PHASE_STRIP = NO;
				CURRENT_PROJECT_VERSION = 1;
				DEBUG_INFORMATION_FORMAT = dwarf;
				DEVELOPMENT_TEAM = SFXR8MV6MP;
				ENABLE_STRICT_OBJC_MSGSEND = YES;
				ENABLE_TESTABILITY = YES;
				GCC_C_LANGUAGE_STANDARD = gnu11;
				GCC_DYNAMIC_NO_PIC = NO;
				GCC_NO_COMMON_BLOCKS = YES;
				GCC_OPTIMIZATION_LEVEL = 0;
				GCC_PREPROCESSOR_DEFINITIONS = (
					"$(inherited)",
					"DEBUG=1",
				);
				GCC_WARN_64_TO_32_BIT_CONVERSION = YES;
				GCC_WARN_ABOUT_RETURN_TYPE = YES_ERROR;
				GCC_WARN_UNDECLARED_SELECTOR = YES;
				GCC_WARN_UNINITIALIZED_AUTOS = YES_AGGRESSIVE;
				GCC_WARN_UNUSED_FUNCTION = YES;
				GCC_WARN_UNUSED_VARIABLE = YES;
				IPHONEOS_DEPLOYMENT_TARGET = 17.0;
				MARKETING_VERSION = 1.0;
				MTL_ENABLE_DEBUG_INFO = INCLUDE_SOURCE;
				MTL_FAST_MATH = YES;
				ONLY_ACTIVE_ARCH = YES;
				PRODUCT_NAME = "$(TARGET_NAME)";
				SDKROOT = iphoneos;
				SWIFT_ACTIVE_COMPILATION_CONDITIONS = DEBUG;
				SWIFT_OPTIMIZATION_LEVEL = "-Onone";
				SWIFT_VERSION = 5.0;
			};
			name = Debug;
		};
/* End XCBuildConfiguration section */

/* Begin XCConfigurationList section */
		2E0D5929DCCA552A2B1FF907 /* Build configuration list for PBXNativeTarget "MermaidCanvas" */ = {
			isa = XCConfigurationList;
			buildConfigurations = (
				54485E35E5F1281D88431891 /* Debug */,
				42292B4B2F0F8805125EE1A1 /* Release */,
			);
			defaultConfigurationIsVisible = 0;
			defaultConfigurationName = Debug;
		};
		76EF1AD47284ED535A36057D /* Build configuration list for PBXProject "MermaidCanvas" */ = {
			isa = XCConfigurationList;
			buildConfigurations = (
				F8A733BB484D4FDD5918688B /* Debug */,
				DD0B3C294EDDFEC836EB77B2 /* Release */,
			);
			defaultConfigurationIsVisible = 0;
			defaultConfigurationName = Debug;
		};
/* End XCConfigurationList section */
	};
	rootObject = D5E6C3DA22FF8DB06D25532C /* Project object */;
}
