// !$*UTF8*$!
{
	archiveVersion = 1;
	classes = {
	};
	objectVersion = 77;
	objects = {

/* Begin PBXBuildFile section */
		0320F7EB8A111772BE23366A /* CanvasFileManager.swift in Sources */ = {isa = PBXBuildFile; fileRef = 75DBE1118CB6B8E7AD3B7E51 /* CanvasFileManager.swift */; };
		03DADF184E0525E12D7E815A /* V50PlacementMatrix.md in Resources */ = {isa = PBXBuildFile; fileRef = 6546F66CE86ABD8BA0B53FB7 /* V50PlacementMatrix.md */; };
		04C814C48585BE412F417E62 /* FreeResizeIcon.swift in Sources */ = {isa = PBXBuildFile; fileRef = 4871DFF5E0EF494F3407DC30 /* FreeResizeIcon.swift */; };
		04F6EA93B52298C165CEB0DE /* MermaidImportSheet.swift in Sources */ = {isa = PBXBuildFile; fileRef = 568A38DC7C5E3F152C0E95AD /* MermaidImportSheet.swift */; };
		05D7C2B2DFD541EDEBB30893 /* V49ConnectionSelectionTest.swift in Sources */ = {isa = PBXBuildFile; fileRef = 972221C4027943A89D26EE32 /* V49ConnectionSelectionTest.swift */; };
		07E3490A9963968FB98F7B44 /* V28VisualTests.swift in Sources */ = {isa = PBXBuildFile; fileRef = DFB24B5CB42FC0F5F7ACEB3C /* V28VisualTests.swift */; };
		084589B8F55FD510FBAC84AD /* MermaidCodeSheet.swift in Sources */ = {isa = PBXBuildFile; fileRef = 20E758503F87EFE8F022D1C4 /* MermaidCodeSheet.swift */; };
		08E3968AA32CB239C81D65C0 /* godot-lexicon.md in Resources */ = {isa = PBXBuildFile; fileRef = 4F05E5949388DD0DA7C68672 /* godot-lexicon.md */; };
		0B5008A8351CBA21829492D4 /* Assets.xcassets in Resources */ = {isa = PBXBuildFile; fileRef = 0DF183504C9423B6FDC2B195 /* Assets.xcassets */; };
		0B6CADDBF065261249DDE7A0 /* V61LiveReloadTests.swift in Sources */ = {isa = PBXBuildFile; fileRef = DD6C04EEC90346734FB9EA87 /* V61LiveReloadTests.swift */; };
		0D269D054C7B87EB4F90776D /* SpecType.swift in Sources */ = {isa = PBXBuildFile; fileRef = 6660E4DB431B5BBCAF625147 /* SpecType.swift */; };
		1050688564BCFA611AFA4B66 /* V33SensorTests.swift in Sources */ = {isa = PBXBuildFile; fileRef = 68762DE9C9330AD26444ACF6 /* V33SensorTests.swift */; };
		114AFC7D5751989280190FAC /* EndToEndTests.swift in Sources */ = {isa = PBXBuildFile; fileRef = 7B5AF23ACCEDEA978D643C8D /* EndToEndTests.swift */; };
		11BE53EC33154017D1148891 /* CanvasDocument.swift in Sources */ = {isa = PBXBuildFile; fileRef = 63AB7BE4C160CC630F4E4CFA /* CanvasDocument.swift */; };
		12EBA14EE04B3DA965A06DD9 /* ShapePack.swift in Sources */ = {isa = PBXBuildFile; fileRef = FC95C52F0BD6AE0247DD2F4F /* ShapePack.swift */; };
		150FDE51DC332647769E703D /* ShapeCategory.swift in Sources */ = {isa = PBXBuildFile; fileRef = 2EF598794C77B5356BD45AF8 /* ShapeCategory.swift */; };
		155367B36928BCB1652CCF2C /* LayoutOverflowTests.swift in Sources */ = {isa = PBXBuildFile; fileRef = 18E84CB14F43922D67A3B8A4 /* LayoutOverflowTests.swift */; };
		17ED72AD26A9BC820FBA2F20 /* CanvasModel.swift in Sources */ = {isa = PBXBuildFile; fileRef = E64EA15DE9F7EF0E7DBB7DA2 /* CanvasModel.swift */; };
		26BA18040735A21CC95E37DC /* V34DropTests.swift in Sources */ = {isa = PBXBuildFile; fileRef = 48D49F47552871CE2D445E1F /* V34DropTests.swift */; };
		2801B7CB05578020FBB75138 /* ArchitectureRenderer.swift in Sources */ = {isa = PBXBuildFile; fileRef = 8A17DC5C49C9A8AC3CEAD1A9 /* ArchitectureRenderer.swift */; };
		283770815BB34BD0261BB8AB /* CanvasView.swift in Sources */ = {isa = PBXBuildFile; fileRef = 228F689846F0D1503749250D /* CanvasView.swift */; };
		2BD29E95D2CC9E31480CE55E /* ToolbarView.swift in Sources */ = {isa = PBXBuildFile; fileRef = 23D164BF747C4ACF00F0921D /* ToolbarView.swift */; };
		2F596CE0C3F0E7DF851D38C8 /* ComponentGallery.swift in Sources */ = {isa = PBXBuildFile; fileRef = F3DFB75F9A8C3B90AE72B3C7 /* ComponentGallery.swift */; };
		2FB60923F478B3E69A314A91 /* V34PanSymmetryTests.swift in Sources */ = {isa = PBXBuildFile; fileRef = 844F94A0F70D925ADA72B619 /* V34PanSymmetryTests.swift */; };
		31D4EC6627E7EC70A9128DE9 /* CanvasShapes.swift in Sources */ = {isa = PBXBuildFile; fileRef = 3EC011658EA5250E6227B5D1 /* CanvasShapes.swift */; };
		36044040C55FCA0697F0BC79 /* PreviewSheet.swift in Sources */ = {isa = PBXBuildFile; fileRef = D35F5529A9079DF8958E486C /* PreviewSheet.swift */; };
		37CDB2400AB50F876140666B /* FlowRenderer.swift in Sources */ = {isa = PBXBuildFile; fileRef = F4EC13BC52408F5BEC68F4C2 /* FlowRenderer.swift */; };
		39C4BE0D9F1D7F0A3221BA24 /* MermaidCanvasApp.swift in Sources */ = {isa = PBXBuildFile; fileRef = B5E19899B1095A9DA449E20F /* MermaidCanvasApp.swift */; };
		3AA3A067DEBA4D2C8353DBCA /* MultiSelectResizeHandle.swift in Sources */ = {isa = PBXBuildFile; fileRef = 7052AEAD21FE4BBA576C49FE /* MultiSelectResizeHandle.swift */; };
		3B9451B0A7EE6F905F567419 /* EdgeCollapseBadges.swift in Sources */ = {isa = PBXBuildFile; fileRef = 56A46A6F6935FA0155F48A20 /* EdgeCollapseBadges.swift */; };
		3CB3443CCE6C72AEF0804D20 /* CollapseBadge.swift in Sources */ = {isa = PBXBuildFile; fileRef = BC3F29CF8344C9E9506C6A7C /* CollapseBadge.swift */; };
		3CDFC565E91B8D9F5E22E2CC /* NoteCard.swift in Sources */ = {isa = PBXBuildFile; fileRef = 05DF6BC9457837FA79F79B7A /* NoteCard.swift */; };
		414054BE34E93776285A75C4 /* DragOutTests.swift in Sources */ = {isa = PBXBuildFile; fileRef = EC4E59D9C01F2EAAAF7E31E7 /* DragOutTests.swift */; };
		41C89612B0E18952950F6FF9 /* test_square_shape.1.png in Resources */ = {isa = PBXBuildFile; fileRef = D1A3B497A1E73B822E786868 /* test_square_shape.1.png */; };
		46446F482FD69A836DDC86F6 /* ShapeNode.swift in Sources */ = {isa = PBXBuildFile; fileRef = 2D0E6420DE137F57D019A7EB /* ShapeNode.swift */; };
		4CBA5CE815AFDDCC6E0D9143 /* ios-swiftui-rules.md in Resources */ = {isa = PBXBuildFile; fileRef = 26849544B1328648A4C1C344 /* ios-swiftui-rules.md */; };
		4D6BFFBE6BC5EE66A23D05DA /* test_diamond_chip.1.png in Resources */ = {isa = PBXBuildFile; fileRef = A29372DCECBC709B68A13662 /* test_diamond_chip.1.png */; };
		4F4607E6C9E9BD2B94C7BB6A /* OrientationTests.swift in Sources */ = {isa = PBXBuildFile; fileRef = FAA597C88CA5ABD913AC7597 /* OrientationTests.swift */; };
		544D1031BCB9A98913A5DC1F /* V50PlacementTests.swift in Sources */ = {isa = PBXBuildFile; fileRef = E0DB770D9036DCE9E3A4CCAE /* V50PlacementTests.swift */; };
		5502DC1063808D7E976CD568 /* CanvasViewportState.swift in Sources */ = {isa = PBXBuildFile; fileRef = E00A564942F1596BCF995981 /* CanvasViewportState.swift */; };
		56EC69DCCC047B4A694F09FA /* NewCanvasSheet.swift in Sources */ = {isa = PBXBuildFile; fileRef = 5E8939496F66A840CB33C797 /* NewCanvasSheet.swift */; };
		59180BADCEB07539F7339DCA /* MermaidMetaComments.swift in Sources */ = {isa = PBXBuildFile; fileRef = DC8AA6F043C5D86351B21702 /* MermaidMetaComments.swift */; };
		59AA65D2448161A90BCE5383 /* test_square_chip.1.png in Resources */ = {isa = PBXBuildFile; fileRef = 7AEE1B1C74B79EB4BCC084BF /* test_square_chip.1.png */; };
		5A50365791B6A7E6EA5E5AE7 /* test_pill_chip.1.png in Resources */ = {isa = PBXBuildFile; fileRef = F412CFF6EF86D30458B755F5 /* test_pill_chip.1.png */; };
		5DF06D8483154EE8A4C834A5 /* test_edge_collapse_minus_badge.1.png in Resources */ = {isa = PBXBuildFile; fileRef = 72FF022E5293D765B68F37FC /* test_edge_collapse_minus_badge.1.png */; };
		62EF8D225C5132FB200E453E /* AppVersion.swift in Sources */ = {isa = PBXBuildFile; fileRef = 4913E980F026A3D6E49070B7 /* AppVersion.swift */; };
		66E7C0CA771E5C607A4F1B41 /* V49VisualVerificationTest.swift in Sources */ = {isa = PBXBuildFile; fileRef = DEA196EBDEAE56D7AF0CD737 /* V49VisualVerificationTest.swift */; };
		67C5E692431A416DA4802220 /* test_pill_chip_vs_canvas_side_by_side.1.png in Resources */ = {isa = PBXBuildFile; fileRef = 1FCD095D020EF17998E82F01 /* test_pill_chip_vs_canvas_side_by_side.1.png */; };
		684C1AD7A649B0237F3C2A02 /* SnapshotTests.swift in Sources */ = {isa = PBXBuildFile; fileRef = 5F6F52E499ADD995928FF171 /* SnapshotTests.swift */; };
		695946C0E2E224B06B35A288 /* claude-canvas-protocol.md in Resources */ = {isa = PBXBuildFile; fileRef = 8C2CE96281E5A0A71CE2DC49 /* claude-canvas-protocol.md */; };
		6A90ADCCF6C9726C9EA3E725 /* ShapeContextMenu.swift in Sources */ = {isa = PBXBuildFile; fileRef = C4AC08D083BA17A4DAD75DA6 /* ShapeContextMenu.swift */; };
		6C008675961ACF1741C26F8C /* DotGridBackground.swift in Sources */ = {isa = PBXBuildFile; fileRef = 0D8276A5671DB21A8FBD20CA /* DotGridBackground.swift */; };
		6EFFB3D3FBC5C5FFFD9CA469 /* DesignTokens.swift in Sources */ = {isa = PBXBuildFile; fileRef = 5B969A68524F5A084A0839C4 /* DesignTokens.swift */; };
		7087808445C8EAC8CAA7E5B1 /* V61DemoFileTests.swift in Sources */ = {isa = PBXBuildFile; fileRef = 58D573B86492349DDA7F0428 /* V61DemoFileTests.swift */; };
		7A3B931309CACA1A3384E304 /* iPhoneFrameMath.swift in Sources */ = {isa = PBXBuildFile; fileRef = E3F52FD609E4FB0BD43F6F24 /* iPhoneFrameMath.swift */; };
		7BCCD9DB163AFD89CFA15B6E /* EdgeConnection.swift in Sources */ = {isa = PBXBuildFile; fileRef = 652829BD1563106E2A8CB9C7 /* EdgeConnection.swift */; };
		7D95F212EDEA8077BE51BC5A /* test_diamond_shape.1.png in Resources */ = {isa = PBXBuildFile; fileRef = 34199C0F78572AE99CDD5E31 /* test_diamond_shape.1.png */; };
		7EECEE3DC37DCC6AE815E975 /* iPhoneFrameOverlay.swift in Sources */ = {isa = PBXBuildFile; fileRef = EFDF13A8781A9AEB71B87BEB /* iPhoneFrameOverlay.swift */; };
		8426638A65B4BA49FF8F7992 /* EditShapeSheet.swift in Sources */ = {isa = PBXBuildFile; fileRef = 7551766C6C334EDA0CFD664E /* EditShapeSheet.swift */; };
		85283CC24837156EABB5A0F2 /* test_component_gallery_full.1.png in Resources */ = {isa = PBXBuildFile; fileRef = 0EF3CF9F456AC109F02223E3 /* test_component_gallery_full.1.png */; };
		87D91925AB13DCBEE7F5A9EA /* MermaidAutoLayout.swift in Sources */ = {isa = PBXBuildFile; fileRef = 16EE5157030AD0CE1127BF10 /* MermaidAutoLayout.swift */; };
		8908BB722493ADED37C336CF /* test_pill_shape.1.png in Resources */ = {isa = PBXBuildFile; fileRef = 7DA70C2BF0320E293B5E247C /* test_pill_shape.1.png */; };
		8ACA8B8CF558FE905EE46D08 /* NotePopupSheet.swift in Sources */ = {isa = PBXBuildFile; fileRef = FEE60C6AE7EC4A29F7FDC59B /* NotePopupSheet.swift */; };
		8F2521DE2FAD8F29346237F5 /* NoteBadge.swift in Sources */ = {isa = PBXBuildFile; fileRef = ADAFD7500719BA94561524F9 /* NoteBadge.swift */; };
		9274716BC0D050B699A69D3A /* test_square_chip_vs_canvas_side_by_side.1.png in Resources */ = {isa = PBXBuildFile; fileRef = 52F65576D84E01864C005B7D /* test_square_chip_vs_canvas_side_by_side.1.png */; };
		9379533FF89331E9A87178EF /* V62RoundTripTests.swift in Sources */ = {isa = PBXBuildFile; fileRef = 26ACA77336DB3E2436AB111E /* V62RoundTripTests.swift */; };
		9552F0FFF809B97E39DFE7B2 /* FileChangeObserver.swift in Sources */ = {isa = PBXBuildFile; fileRef = FF04A29A100E836C9DE2317A /* FileChangeObserver.swift */; };
		96DD3B025BE13643B58A0113 /* V65SkrapFlodeTests.swift in Sources */ = {isa = PBXBuildFile; fileRef = EEE97DAAFD2C7BA329CC359D /* V65SkrapFlodeTests.swift */; };
		999F92B22B0AD29CD9618710 /* ContentView.swift in Sources */ = {isa = PBXBuildFile; fileRef = 290C826C5E3BCE9774F09866 /* ContentView.swift */; };
		99D3AD3E87507BF6A37E2D1A /* TableEditorSheet.swift in Sources */ = {isa = PBXBuildFile; fileRef = 2CBF6842E64C15176403ED9A /* TableEditorSheet.swift */; };
		9AB1323AC94DD3F120812641 /* GodotPreviewRenderer.swift in Sources */ = {isa = PBXBuildFile; fileRef = D5C0DD5D2C1997930394380A /* GodotPreviewRenderer.swift */; };
		9B821A08FFD2B03B0DBC8108 /* PromptBadge.swift in Sources */ = {isa = PBXBuildFile; fileRef = 1AD05DC75C3DACAAAA666424 /* PromptBadge.swift */; };
		9BAFA33B65E91F3B02ED1035 /* V33VersionVisibleTests.swift in Sources */ = {isa = PBXBuildFile; fileRef = F1B560714D67098D8A734035 /* V33VersionVisibleTests.swift */; };
		A19DDD2B88B0271AFC397977 /* V65AutosparTests.swift in Sources */ = {isa = PBXBuildFile; fileRef = B94D1AD9EBC06C41E7947C6F /* V65AutosparTests.swift */; };
		A2D61FC3A2523D993BA72AE5 /* V46ExplorationTest.swift in Sources */ = {isa = PBXBuildFile; fileRef = B5958A7631F79A8FEB1B4108 /* V46ExplorationTest.swift */; };
		A38386D414ADEA42388208A5 /* SelectionOutline.swift in Sources */ = {isa = PBXBuildFile; fileRef = A0807039C26319F36B77EEE0 /* SelectionOutline.swift */; };
		AB13E7A8AB6650E6F31CD1ED /* test_processarrow_chip.1.png in Resources */ = {isa = PBXBuildFile; fileRef = A41F5BB86AF1A189F4D59116 /* test_processarrow_chip.1.png */; };
		AC00E97749CE013D59F624CC /* V35MermaidValidationTests.swift in Sources */ = {isa = PBXBuildFile; fileRef = D5E68FA907427B666E769C7E /* V35MermaidValidationTests.swift */; };
		ACAD3D1912FDDEC2BB523429 /* V35BugHuntTests.swift in Sources */ = {isa = PBXBuildFile; fileRef = 7DE1EFE7C5FDD982C0043924 /* V35BugHuntTests.swift */; };
		AF69DB14BC28BD45DC00EEA3 /* V29CoverageTests.swift in Sources */ = {isa = PBXBuildFile; fileRef = 712C959EB74DC2F2B619CDBF /* V29CoverageTests.swift */; };
		AF71D014F6A90DEEDB254840 /* Platform.swift in Sources */ = {isa = PBXBuildFile; fileRef = 6C3DCDC8331BCDF47CCDAF74 /* Platform.swift */; };
		B062DC28E74CDA1E0A26EF4A /* V33AutoLoopTests.swift in Sources */ = {isa = PBXBuildFile; fileRef = A170C71CB28B19F3E6BE8BCA /* V33AutoLoopTests.swift */; };
		B1B15A6CCA968FE3EA9E0D32 /* EdgeMath.swift in Sources */ = {isa = PBXBuildFile; fileRef = 63EC33DCD9A1923246CA727F /* EdgeMath.swift */; };
		B223CBB26989ABA415399D5D /* LägenMenu.swift in Sources */ = {isa = PBXBuildFile; fileRef = 7B7282ECFED87095333BB0D4 /* LägenMenu.swift */; };
		B98CB3E584346224B1671C65 /* EdgeRouting.swift in Sources */ = {isa = PBXBuildFile; fileRef = 6C857637FAB48F6C5E7460F8 /* EdgeRouting.swift */; };
		C05B5E2C32DE5A1A45EDB120 /* ColorPickerPopover.swift in Sources */ = {isa = PBXBuildFile; fileRef = A5D9B47CD0F8611AE60375D4 /* ColorPickerPopover.swift */; };
		C46C713CCEB48E9A18DE0E7D /* SelectionHandles.swift in Sources */ = {isa = PBXBuildFile; fileRef = 74DFBC8BB6B3D993600C53AE /* SelectionHandles.swift */; };
		C5E33BBA497920382EF30209 /* V66LineEndTests.swift in Sources */ = {isa = PBXBuildFile; fileRef = 2219B4F4B33CE187BDEA8EBE /* V66LineEndTests.swift */; };
		C7D21B76F43B09290E13E630 /* V61KedjeFilTests.swift in Sources */ = {isa = PBXBuildFile; fileRef = 7CA0633D9D062EB58932AA78 /* V61KedjeFilTests.swift */; };
		C854816CA241FED858ABD2AE /* V64RoundTripTests.swift in Sources */ = {isa = PBXBuildFile; fileRef = 3C40B3396814B4ACFE3B46F4 /* V64RoundTripTests.swift */; };
		CAA79A1EB7C4EBFAE9CE614B /* NoteMiniSheet.swift in Sources */ = {isa = PBXBuildFile; fileRef = DFC87568BE840D5C7D10ADC2 /* NoteMiniSheet.swift */; };
		CAF3B1AA079DA30839223936 /* RoundTripTests.swift in Sources */ = {isa = PBXBuildFile; fileRef = 19DBECF727C64AC554A79FCC /* RoundTripTests.swift */; };
		CB744EE5C101B0A30D75CC42 /* test_edge_stub_plus_badge.1.png in Resources */ = {isa = PBXBuildFile; fileRef = 66600DB6D99224DEC8E1EF22 /* test_edge_stub_plus_badge.1.png */; };
		D05D53CCB773A8CDA53268A8 /* PlatformRulesSheet.swift in Sources */ = {isa = PBXBuildFile; fileRef = C01D8B44379527554A687A47 /* PlatformRulesSheet.swift */; };
		D2838AC593B1CDD08A3974F8 /* main.swift in Sources */ = {isa = PBXBuildFile; fileRef = 8991BFDE5D87E4860241B535 /* main.swift */; };
		D289533B98FCCF66069A957F /* ColorPack.swift in Sources */ = {isa = PBXBuildFile; fileRef = 3DE4294A22E46D9AD1D9A9AD /* ColorPack.swift */; };
		D2A6F8B9F5EDFF0EC28D4F3C /* V63RoundTripTests.swift in Sources */ = {isa = PBXBuildFile; fileRef = 29AB8B6E78A26319BBDAFFE3 /* V63RoundTripTests.swift */; };
		D3D1D0B08A5B220C248F63CE /* V48VerificationTest.swift in Sources */ = {isa = PBXBuildFile; fileRef = 8A32EF129D0C8F481A9D9DF8 /* V48VerificationTest.swift */; };
		D4040B6552C65FDDCE78A77B /* V27FeatureTests.swift in Sources */ = {isa = PBXBuildFile; fileRef = 12BE1B86655B722847CCF708 /* V27FeatureTests.swift */; };
		D41DF508293DA8B03C6BF9C5 /* V61FallbackParserTests.swift in Sources */ = {isa = PBXBuildFile; fileRef = D821FB3C84390B33197E489D /* V61FallbackParserTests.swift */; };
		D4DCD695BC41D0BC10ED943E /* MermaidGenerator.swift in Sources */ = {isa = PBXBuildFile; fileRef = 773E26EEF5D1BFF7AAF208EC /* MermaidGenerator.swift */; };
		D7A64473737D4E2EEDF93C94 /* MarkerOverlay.swift in Sources */ = {isa = PBXBuildFile; fileRef = 55D301AFD2BD69C0466CD57E /* MarkerOverlay.swift */; };
		E178F46DAD052D49A4D5F5DE /* UIScreenRenderer.swift in Sources */ = {isa = PBXBuildFile; fileRef = F826C6DA929F2F164CCC9183 /* UIScreenRenderer.swift */; };
		E1C23B0DD30A0D05C656C957 /* ZoomableCanvas.swift in Sources */ = {isa = PBXBuildFile; fileRef = CD6968E399818BEA6D65ECAC /* ZoomableCanvas.swift */; };
		E27E117321CF7510879E7DC7 /* test_processarrow_shape.1.png in Resources */ = {isa = PBXBuildFile; fileRef = 5241E0B28FCA54237EFD6C8D /* test_processarrow_shape.1.png */; };
		E342D27716614E0B8631409F /* EdgeLabelSheet.swift in Sources */ = {isa = PBXBuildFile; fileRef = CB0A0E15AFE7F04DC3EFE060 /* EdgeLabelSheet.swift */; };
		E59147BD729B4A37CFCD70F5 /* FloatingChipPreview.swift in Sources */ = {isa = PBXBuildFile; fileRef = 25EF82F1BF18F5CFD8CF0343 /* FloatingChipPreview.swift */; };
		E89E5E4258D420A82D09BDD6 /* PlatformRules.swift in Sources */ = {isa = PBXBuildFile; fileRef = 024C106FB50C0683CF678899 /* PlatformRules.swift */; };
		E9F929C8871959ACBABF2FF4 /* Orientation.swift in Sources */ = {isa = PBXBuildFile; fileRef = ED590D33CB43237C2318CD20 /* Orientation.swift */; };
		ECDE8A92B9B87918ED9D5206 /* V66EdgeMathTests.swift in Sources */ = {isa = PBXBuildFile; fileRef = 4ABF8F505A711743DBEECEB3 /* V66EdgeMathTests.swift */; };
		EE07F3D63E563AB7F9DACECA /* TextStyle.swift in Sources */ = {isa = PBXBuildFile; fileRef = 535348C28035BBC3C632F26A /* TextStyle.swift */; };
		EF3A6ED12336454DED83D357 /* prompt-process-rules.md in Resources */ = {isa = PBXBuildFile; fileRef = 0E42EE69DC47FA92EA10BD2F /* prompt-process-rules.md */; };
		F0BBD9CEA398C0C4817053DF /* UIRenderer.swift in Sources */ = {isa = PBXBuildFile; fileRef = 71E6FAA7A14093A0397C1316 /* UIRenderer.swift */; };
		F1519E401F5E78369B9460C6 /* RoadmapRenderer.swift in Sources */ = {isa = PBXBuildFile; fileRef = B46BA0AC17E51F46D4411804 /* RoadmapRenderer.swift */; };
		F53B7FFA3D8FF13EF388CADB /* UITestScenarios.swift in Sources */ = {isa = PBXBuildFile; fileRef = 88C546896307FCCDB4AC2C2F /* UITestScenarios.swift */; };
		F703FF17F99496CE16469821 /* test_diamond_chip_vs_canvas_side_by_side.1.png in Resources */ = {isa = PBXBuildFile; fileRef = C15C2D1CD9CB0FFE5A6F1C69 /* test_diamond_chip_vs_canvas_side_by_side.1.png */; };
		F74E2839E386F7AEC63A00F6 /* LineEndpointHandle.swift in Sources */ = {isa = PBXBuildFile; fileRef = 53740DEBAABA9011B2F2F531 /* LineEndpointHandle.swift */; };
		F8FD936BEBCBD237D90BCD12 /* test_processarrow_chip_vs_canvas_side_by_side.1.png in Resources */ = {isa = PBXBuildFile; fileRef = 3F645AAD0567E912FC35F400 /* test_processarrow_chip_vs_canvas_side_by_side.1.png */; };
		F981FB6DBB390CE175179931 /* SnapshotTesting in Frameworks */ = {isa = PBXBuildFile; productRef = CC205BE752FCB6EEF9752960 /* SnapshotTesting */; };
		FA1737FF5856B37C8337F489 /* METOD-VISUELL-DIALOG.md in Resources */ = {isa = PBXBuildFile; fileRef = 162B95FA55DB4DCDFA210778 /* METOD-VISUELL-DIALOG.md */; };
		FC9084E24FF07A48A593D8DA /* MermaidParser.swift in Sources */ = {isa = PBXBuildFile; fileRef = 4A177F6C2EEBA78E4CCE48E0 /* MermaidParser.swift */; };
		FCAC9FAF1E4E5B985ABC8738 /* EmptyCanvasHint.swift in Sources */ = {isa = PBXBuildFile; fileRef = 246DAEE1890CEA36F3801363 /* EmptyCanvasHint.swift */; };
		FCDCD38C1EC1587E7BD78E79 /* ColorPackPopover.swift in Sources */ = {isa = PBXBuildFile; fileRef = 6B178BEA1AEBDF17190855C6 /* ColorPackPopover.swift */; };
/* End PBXBuildFile section */

/* Begin PBXContainerItemProxy section */
		14DEA19DA3413B42C1EC169D /* PBXContainerItemProxy */ = {
			isa = PBXContainerItemProxy;
			containerPortal = D5E6C3DA22FF8DB06D25532C /* Project object */;
			proxyType = 1;
			remoteGlobalIDString = 928846310326DCCC8D417F46;
			remoteInfo = MermaidCanvas;
		};
		C407B78B58C497B217304C42 /* PBXContainerItemProxy */ = {
			isa = PBXContainerItemProxy;
			containerPortal = D5E6C3DA22FF8DB06D25532C /* Project object */;
			proxyType = 1;
			remoteGlobalIDString = 928846310326DCCC8D417F46;
			remoteInfo = MermaidCanvas;
		};
/* End PBXContainerItemProxy section */

/* Begin PBXFileReference section */
		024C106FB50C0683CF678899 /* PlatformRules.swift */ = {isa = PBXFileReference; lastKnownFileType = sourcecode.swift; path = PlatformRules.swift; sourceTree = "<group>"; };
		05DF6BC9457837FA79F79B7A /* NoteCard.swift */ = {isa = PBXFileReference; lastKnownFileType = sourcecode.swift; path = NoteCard.swift; sourceTree = "<group>"; };
		0B2B5D75E6C39BD72EC980C0 /* MermaidCanvasUnitTests.xctest */ = {isa = PBXFileReference; includeInIndex = 0; lastKnownFileType = wrapper.cfbundle; path = MermaidCanvasUnitTests.xctest; sourceTree = BUILT_PRODUCTS_DIR; };
		0D8276A5671DB21A8FBD20CA /* DotGridBackground.swift */ = {isa = PBXFileReference; lastKnownFileType = sourcecode.swift; path = DotGridBackground.swift; sourceTree = "<group>"; };
		0DF183504C9423B6FDC2B195 /* Assets.xcassets */ = {isa = PBXFileReference; lastKnownFileType = folder.assetcatalog; path = Assets.xcassets; sourceTree = "<group>"; };
		0E42EE69DC47FA92EA10BD2F /* prompt-process-rules.md */ = {isa = PBXFileReference; lastKnownFileType = net.daringfireball.markdown; path = "prompt-process-rules.md"; sourceTree = "<group>"; };
		0EF3CF9F456AC109F02223E3 /* test_component_gallery_full.1.png */ = {isa = PBXFileReference; lastKnownFileType = image.png; path = test_component_gallery_full.1.png; sourceTree = "<group>"; };
		12BE1B86655B722847CCF708 /* V27FeatureTests.swift */ = {isa = PBXFileReference; lastKnownFileType = sourcecode.swift; path = V27FeatureTests.swift; sourceTree = "<group>"; };
		162B95FA55DB4DCDFA210778 /* METOD-VISUELL-DIALOG.md */ = {isa = PBXFileReference; lastKnownFileType = net.daringfireball.markdown; path = "METOD-VISUELL-DIALOG.md"; sourceTree = "<group>"; };
		16EE5157030AD0CE1127BF10 /* MermaidAutoLayout.swift */ = {isa = PBXFileReference; lastKnownFileType = sourcecode.swift; path = MermaidAutoLayout.swift; sourceTree = "<group>"; };
		18E84CB14F43922D67A3B8A4 /* LayoutOverflowTests.swift */ = {isa = PBXFileReference; lastKnownFileType = sourcecode.swift; path = LayoutOverflowTests.swift; sourceTree = "<group>"; };
		19DBECF727C64AC554A79FCC /* RoundTripTests.swift */ = {isa = PBXFileReference; lastKnownFileType = sourcecode.swift; path = RoundTripTests.swift; sourceTree = "<group>"; };
		1AD05DC75C3DACAAAA666424 /* PromptBadge.swift */ = {isa = PBXFileReference; lastKnownFileType = sourcecode.swift; path = PromptBadge.swift; sourceTree = "<group>"; };
		1FCD095D020EF17998E82F01 /* test_pill_chip_vs_canvas_side_by_side.1.png */ = {isa = PBXFileReference; lastKnownFileType = image.png; path = test_pill_chip_vs_canvas_side_by_side.1.png; sourceTree = "<group>"; };
		20E758503F87EFE8F022D1C4 /* MermaidCodeSheet.swift */ = {isa = PBXFileReference; lastKnownFileType = sourcecode.swift; path = MermaidCodeSheet.swift; sourceTree = "<group>"; };
		2219B4F4B33CE187BDEA8EBE /* V66LineEndTests.swift */ = {isa = PBXFileReference; lastKnownFileType = sourcecode.swift; path = V66LineEndTests.swift; sourceTree = "<group>"; };
		228F689846F0D1503749250D /* CanvasView.swift */ = {isa = PBXFileReference; lastKnownFileType = sourcecode.swift; path = CanvasView.swift; sourceTree = "<group>"; };
		23D164BF747C4ACF00F0921D /* ToolbarView.swift */ = {isa = PBXFileReference; lastKnownFileType = sourcecode.swift; path = ToolbarView.swift; sourceTree = "<group>"; };
		246DAEE1890CEA36F3801363 /* EmptyCanvasHint.swift */ = {isa = PBXFileReference; lastKnownFileType = sourcecode.swift; path = EmptyCanvasHint.swift; sourceTree = "<group>"; };
		25EF82F1BF18F5CFD8CF0343 /* FloatingChipPreview.swift */ = {isa = PBXFileReference; lastKnownFileType = sourcecode.swift; path = FloatingChipPreview.swift; sourceTree = "<group>"; };
		26849544B1328648A4C1C344 /* ios-swiftui-rules.md */ = {isa = PBXFileReference; lastKnownFileType = net.daringfireball.markdown; path = "ios-swiftui-rules.md"; sourceTree = "<group>"; };
		26ACA77336DB3E2436AB111E /* V62RoundTripTests.swift */ = {isa = PBXFileReference; lastKnownFileType = sourcecode.swift; path = V62RoundTripTests.swift; sourceTree = "<group>"; };
		290C826C5E3BCE9774F09866 /* ContentView.swift */ = {isa = PBXFileReference; lastKnownFileType = sourcecode.swift; path = ContentView.swift; sourceTree = "<group>"; };
		29AB8B6E78A26319BBDAFFE3 /* V63RoundTripTests.swift */ = {isa = PBXFileReference; lastKnownFileType = sourcecode.swift; path = V63RoundTripTests.swift; sourceTree = "<group>"; };
		2CBF6842E64C15176403ED9A /* TableEditorSheet.swift */ = {isa = PBXFileReference; lastKnownFileType = sourcecode.swift; path = TableEditorSheet.swift; sourceTree = "<group>"; };
		2D0E6420DE137F57D019A7EB /* ShapeNode.swift */ = {isa = PBXFileReference; lastKnownFileType = sourcecode.swift; path = ShapeNode.swift; sourceTree = "<group>"; };
		2EF598794C77B5356BD45AF8 /* ShapeCategory.swift */ = {isa = PBXFileReference; lastKnownFileType = sourcecode.swift; path = ShapeCategory.swift; sourceTree = "<group>"; };
		34199C0F78572AE99CDD5E31 /* test_diamond_shape.1.png */ = {isa = PBXFileReference; lastKnownFileType = image.png; path = test_diamond_shape.1.png; sourceTree = "<group>"; };
		37BFF9992642AD7A34ABD264 /* MermaidCanvasUITests.xctest */ = {isa = PBXFileReference; includeInIndex = 0; lastKnownFileType = wrapper.cfbundle; path = MermaidCanvasUITests.xctest; sourceTree = BUILT_PRODUCTS_DIR; };
		3C40B3396814B4ACFE3B46F4 /* V64RoundTripTests.swift */ = {isa = PBXFileReference; lastKnownFileType = sourcecode.swift; path = V64RoundTripTests.swift; sourceTree = "<group>"; };
		3DE4294A22E46D9AD1D9A9AD /* ColorPack.swift */ = {isa = PBXFileReference; lastKnownFileType = sourcecode.swift; path = ColorPack.swift; sourceTree = "<group>"; };
		3EC011658EA5250E6227B5D1 /* CanvasShapes.swift */ = {isa = PBXFileReference; lastKnownFileType = sourcecode.swift; path = CanvasShapes.swift; sourceTree = "<group>"; };
		3F645AAD0567E912FC35F400 /* test_processarrow_chip_vs_canvas_side_by_side.1.png */ = {isa = PBXFileReference; lastKnownFileType = image.png; path = test_processarrow_chip_vs_canvas_side_by_side.1.png; sourceTree = "<group>"; };
		4871DFF5E0EF494F3407DC30 /* FreeResizeIcon.swift */ = {isa = PBXFileReference; lastKnownFileType = sourcecode.swift; path = FreeResizeIcon.swift; sourceTree = "<group>"; };
		48D49F47552871CE2D445E1F /* V34DropTests.swift */ = {isa = PBXFileReference; lastKnownFileType = sourcecode.swift; path = V34DropTests.swift; sourceTree = "<group>"; };
		4913E980F026A3D6E49070B7 /* AppVersion.swift */ = {isa = PBXFileReference; lastKnownFileType = sourcecode.swift; path = AppVersion.swift; sourceTree = "<group>"; };
		4A177F6C2EEBA78E4CCE48E0 /* MermaidParser.swift */ = {isa = PBXFileReference; lastKnownFileType = sourcecode.swift; path = MermaidParser.swift; sourceTree = "<group>"; };
		4ABF8F505A711743DBEECEB3 /* V66EdgeMathTests.swift */ = {isa = PBXFileReference; lastKnownFileType = sourcecode.swift; path = V66EdgeMathTests.swift; sourceTree = "<group>"; };
		4F05E5949388DD0DA7C68672 /* godot-lexicon.md */ = {isa = PBXFileReference; lastKnownFileType = net.daringfireball.markdown; path = "godot-lexicon.md"; sourceTree = "<group>"; };
		5241E0B28FCA54237EFD6C8D /* test_processarrow_shape.1.png */ = {isa = PBXFileReference; lastKnownFileType = image.png; path = test_processarrow_shape.1.png; sourceTree = "<group>"; };
		52F65576D84E01864C005B7D /* test_square_chip_vs_canvas_side_by_side.1.png */ = {isa = PBXFileReference; lastKnownFileType = image.png; path = test_square_chip_vs_canvas_side_by_side.1.png; sourceTree = "<group>"; };
		535348C28035BBC3C632F26A /* TextStyle.swift */ = {isa = PBXFileReference; lastKnownFileType = sourcecode.swift; path = TextStyle.swift; sourceTree = "<group>"; };
		53740DEBAABA9011B2F2F531 /* LineEndpointHandle.swift */ = {isa = PBXFileReference; lastKnownFileType = sourcecode.swift; path = LineEndpointHandle.swift; sourceTree = "<group>"; };
		55D301AFD2BD69C0466CD57E /* MarkerOverlay.swift */ = {isa = PBXFileReference; lastKnownFileType = sourcecode.swift; path = MarkerOverlay.swift; sourceTree = "<group>"; };
		568A38DC7C5E3F152C0E95AD /* MermaidImportSheet.swift */ = {isa = PBXFileReference; lastKnownFileType = sourcecode.swift; path = MermaidImportSheet.swift; sourceTree = "<group>"; };
		56A46A6F6935FA0155F48A20 /* EdgeCollapseBadges.swift */ = {isa = PBXFileReference; lastKnownFileType = sourcecode.swift; path = EdgeCollapseBadges.swift; sourceTree = "<group>"; };
		58D573B86492349DDA7F0428 /* V61DemoFileTests.swift */ = {isa = PBXFileReference; lastKnownFileType = sourcecode.swift; path = V61DemoFileTests.swift; sourceTree = "<group>"; };
		5B969A68524F5A084A0839C4 /* DesignTokens.swift */ = {isa = PBXFileReference; lastKnownFileType = sourcecode.swift; path = DesignTokens.swift; sourceTree = "<group>"; };
		5E8939496F66A840CB33C797 /* NewCanvasSheet.swift */ = {isa = PBXFileReference; lastKnownFileType = sourcecode.swift; path = NewCanvasSheet.swift; sourceTree = "<group>"; };
		5F6F52E499ADD995928FF171 /* SnapshotTests.swift */ = {isa = PBXFileReference; lastKnownFileType = sourcecode.swift; path = SnapshotTests.swift; sourceTree = "<group>"; };
		63AB7BE4C160CC630F4E4CFA /* CanvasDocument.swift */ = {isa = PBXFileReference; lastKnownFileType = sourcecode.swift; path = CanvasDocument.swift; sourceTree = "<group>"; };
		63EC33DCD9A1923246CA727F /* EdgeMath.swift */ = {isa = PBXFileReference; lastKnownFileType = sourcecode.swift; path = EdgeMath.swift; sourceTree = "<group>"; };
		652829BD1563106E2A8CB9C7 /* EdgeConnection.swift */ = {isa = PBXFileReference; lastKnownFileType = sourcecode.swift; path = EdgeConnection.swift; sourceTree = "<group>"; };
		6546F66CE86ABD8BA0B53FB7 /* V50PlacementMatrix.md */ = {isa = PBXFileReference; lastKnownFileType = net.daringfireball.markdown; path = V50PlacementMatrix.md; sourceTree = "<group>"; };
		66600DB6D99224DEC8E1EF22 /* test_edge_stub_plus_badge.1.png */ = {isa = PBXFileReference; lastKnownFileType = image.png; path = test_edge_stub_plus_badge.1.png; sourceTree = "<group>"; };
		6660E4DB431B5BBCAF625147 /* SpecType.swift */ = {isa = PBXFileReference; lastKnownFileType = sourcecode.swift; path = SpecType.swift; sourceTree = "<group>"; };
		68762DE9C9330AD26444ACF6 /* V33SensorTests.swift */ = {isa = PBXFileReference; lastKnownFileType = sourcecode.swift; path = V33SensorTests.swift; sourceTree = "<group>"; };
		6B178BEA1AEBDF17190855C6 /* ColorPackPopover.swift */ = {isa = PBXFileReference; lastKnownFileType = sourcecode.swift; path = ColorPackPopover.swift; sourceTree = "<group>"; };
		6C3DCDC8331BCDF47CCDAF74 /* Platform.swift */ = {isa = PBXFileReference; lastKnownFileType = sourcecode.swift; path = Platform.swift; sourceTree = "<group>"; };
		6C857637FAB48F6C5E7460F8 /* EdgeRouting.swift */ = {isa = PBXFileReference; lastKnownFileType = sourcecode.swift; path = EdgeRouting.swift; sourceTree = "<group>"; };
		7052AEAD21FE4BBA576C49FE /* MultiSelectResizeHandle.swift */ = {isa = PBXFileReference; lastKnownFileType = sourcecode.swift; path = MultiSelectResizeHandle.swift; sourceTree = "<group>"; };
		712C959EB74DC2F2B619CDBF /* V29CoverageTests.swift */ = {isa = PBXFileReference; lastKnownFileType = sourcecode.swift; path = V29CoverageTests.swift; sourceTree = "<group>"; };
		71E6FAA7A14093A0397C1316 /* UIRenderer.swift */ = {isa = PBXFileReference; lastKnownFileType = sourcecode.swift; path = UIRenderer.swift; sourceTree = "<group>"; };
		72FF022E5293D765B68F37FC /* test_edge_collapse_minus_badge.1.png */ = {isa = PBXFileReference; lastKnownFileType = image.png; path = test_edge_collapse_minus_badge.1.png; sourceTree = "<group>"; };
		74DFBC8BB6B3D993600C53AE /* SelectionHandles.swift */ = {isa = PBXFileReference; lastKnownFileType = sourcecode.swift; path = SelectionHandles.swift; sourceTree = "<group>"; };
		7551766C6C334EDA0CFD664E /* EditShapeSheet.swift */ = {isa = PBXFileReference; lastKnownFileType = sourcecode.swift; path = EditShapeSheet.swift; sourceTree = "<group>"; };
		75DBE1118CB6B8E7AD3B7E51 /* CanvasFileManager.swift */ = {isa = PBXFileReference; lastKnownFileType = sourcecode.swift; path = CanvasFileManager.swift; sourceTree = "<group>"; };
		773E26EEF5D1BFF7AAF208EC /* MermaidGenerator.swift */ = {isa = PBXFileReference; lastKnownFileType = sourcecode.swift; path = MermaidGenerator.swift; sourceTree = "<group>"; };
		7AEE1B1C74B79EB4BCC084BF /* test_square_chip.1.png */ = {isa = PBXFileReference; lastKnownFileType = image.png; path = test_square_chip.1.png; sourceTree = "<group>"; };
		7B5AF23ACCEDEA978D643C8D /* EndToEndTests.swift */ = {isa = PBXFileReference; lastKnownFileType = sourcecode.swift; path = EndToEndTests.swift; sourceTree = "<group>"; };
		7B7282ECFED87095333BB0D4 /* LägenMenu.swift */ = {isa = PBXFileReference; lastKnownFileType = sourcecode.swift; path = "LägenMenu.swift"; sourceTree = "<group>"; };
		7CA0633D9D062EB58932AA78 /* V61KedjeFilTests.swift */ = {isa = PBXFileReference; lastKnownFileType = sourcecode.swift; path = V61KedjeFilTests.swift; sourceTree = "<group>"; };
		7DA70C2BF0320E293B5E247C /* test_pill_shape.1.png */ = {isa = PBXFileReference; lastKnownFileType = image.png; path = test_pill_shape.1.png; sourceTree = "<group>"; };
		7DE1EFE7C5FDD982C0043924 /* V35BugHuntTests.swift */ = {isa = PBXFileReference; lastKnownFileType = sourcecode.swift; path = V35BugHuntTests.swift; sourceTree = "<group>"; };
		844F94A0F70D925ADA72B619 /* V34PanSymmetryTests.swift */ = {isa = PBXFileReference; lastKnownFileType = sourcecode.swift; path = V34PanSymmetryTests.swift; sourceTree = "<group>"; };
		88C546896307FCCDB4AC2C2F /* UITestScenarios.swift */ = {isa = PBXFileReference; lastKnownFileType = sourcecode.swift; path = UITestScenarios.swift; sourceTree = "<group>"; };
		8991BFDE5D87E4860241B535 /* main.swift */ = {isa = PBXFileReference; lastKnownFileType = sourcecode.swift; path = main.swift; sourceTree = "<group>"; };
		8A17DC5C49C9A8AC3CEAD1A9 /* ArchitectureRenderer.swift */ = {isa = PBXFileReference; lastKnownFileType = sourcecode.swift; path = ArchitectureRenderer.swift; sourceTree = "<group>"; };
		8A32EF129D0C8F481A9D9DF8 /* V48VerificationTest.swift */ = {isa = PBXFileReference; lastKnownFileType = sourcecode.swift; path = V48VerificationTest.swift; sourceTree = "<group>"; };
		8C2CE96281E5A0A71CE2DC49 /* claude-canvas-protocol.md */ = {isa = PBXFileReference; lastKnownFileType = net.daringfireball.markdown; path = "claude-canvas-protocol.md"; sourceTree = "<group>"; };
		972221C4027943A89D26EE32 /* V49ConnectionSelectionTest.swift */ = {isa = PBXFileReference; lastKnownFileType = sourcecode.swift; path = V49ConnectionSelectionTest.swift; sourceTree = "<group>"; };
		9C35ACE4629BBC03F7002717 /* Info.plist */ = {isa = PBXFileReference; lastKnownFileType = text.plist; path = Info.plist; sourceTree = "<group>"; };
		A0807039C26319F36B77EEE0 /* SelectionOutline.swift */ = {isa = PBXFileReference; lastKnownFileType = sourcecode.swift; path = SelectionOutline.swift; sourceTree = "<group>"; };
		A170C71CB28B19F3E6BE8BCA /* V33AutoLoopTests.swift */ = {isa = PBXFileReference; lastKnownFileType = sourcecode.swift; path = V33AutoLoopTests.swift; sourceTree = "<group>"; };
		A29372DCECBC709B68A13662 /* test_diamond_chip.1.png */ = {isa = PBXFileReference; lastKnownFileType = image.png; path = test_diamond_chip.1.png; sourceTree = "<group>"; };
		A41F5BB86AF1A189F4D59116 /* test_processarrow_chip.1.png */ = {isa = PBXFileReference; lastKnownFileType = image.png; path = test_processarrow_chip.1.png; sourceTree = "<group>"; };
		A41FA538C9BC15A0207D05FA /* MermaidCanvas.app */ = {isa = PBXFileReference; includeInIndex = 0; lastKnownFileType = wrapper.application; path = MermaidCanvas.app; sourceTree = BUILT_PRODUCTS_DIR; };
		A5D9B47CD0F8611AE60375D4 /* ColorPickerPopover.swift */ = {isa = PBXFileReference; lastKnownFileType = sourcecode.swift; path = ColorPickerPopover.swift; sourceTree = "<group>"; };
		ADAFD7500719BA94561524F9 /* NoteBadge.swift */ = {isa = PBXFileReference; lastKnownFileType = sourcecode.swift; path = NoteBadge.swift; sourceTree = "<group>"; };
		B46BA0AC17E51F46D4411804 /* RoadmapRenderer.swift */ = {isa = PBXFileReference; lastKnownFileType = sourcecode.swift; path = RoadmapRenderer.swift; sourceTree = "<group>"; };
		B5958A7631F79A8FEB1B4108 /* V46ExplorationTest.swift */ = {isa = PBXFileReference; lastKnownFileType = sourcecode.swift; path = V46ExplorationTest.swift; sourceTree = "<group>"; };
		B5E19899B1095A9DA449E20F /* MermaidCanvasApp.swift */ = {isa = PBXFileReference; lastKnownFileType = sourcecode.swift; path = MermaidCanvasApp.swift; sourceTree = "<group>"; };
		B94D1AD9EBC06C41E7947C6F /* V65AutosparTests.swift */ = {isa = PBXFileReference; lastKnownFileType = sourcecode.swift; path = V65AutosparTests.swift; sourceTree = "<group>"; };
		BC3F29CF8344C9E9506C6A7C /* CollapseBadge.swift */ = {isa = PBXFileReference; lastKnownFileType = sourcecode.swift; path = CollapseBadge.swift; sourceTree = "<group>"; };
		C01D8B44379527554A687A47 /* PlatformRulesSheet.swift */ = {isa = PBXFileReference; lastKnownFileType = sourcecode.swift; path = PlatformRulesSheet.swift; sourceTree = "<group>"; };
		C15C2D1CD9CB0FFE5A6F1C69 /* test_diamond_chip_vs_canvas_side_by_side.1.png */ = {isa = PBXFileReference; lastKnownFileType = image.png; path = test_diamond_chip_vs_canvas_side_by_side.1.png; sourceTree = "<group>"; };
		C4AC08D083BA17A4DAD75DA6 /* ShapeContextMenu.swift */ = {isa = PBXFileReference; lastKnownFileType = sourcecode.swift; path = ShapeContextMenu.swift; sourceTree = "<group>"; };
		CB0A0E15AFE7F04DC3EFE060 /* EdgeLabelSheet.swift */ = {isa = PBXFileReference; lastKnownFileType = sourcecode.swift; path = EdgeLabelSheet.swift; sourceTree = "<group>"; };
		CD6968E399818BEA6D65ECAC /* ZoomableCanvas.swift */ = {isa = PBXFileReference; lastKnownFileType = sourcecode.swift; path = ZoomableCanvas.swift; sourceTree = "<group>"; };
		D1A3B497A1E73B822E786868 /* test_square_shape.1.png */ = {isa = PBXFileReference; lastKnownFileType = image.png; path = test_square_shape.1.png; sourceTree = "<group>"; };
		D35F5529A9079DF8958E486C /* PreviewSheet.swift */ = {isa = PBXFileReference; lastKnownFileType = sourcecode.swift; path = PreviewSheet.swift; sourceTree = "<group>"; };
		D5C0DD5D2C1997930394380A /* GodotPreviewRenderer.swift */ = {isa = PBXFileReference; lastKnownFileType = sourcecode.swift; path = GodotPreviewRenderer.swift; sourceTree = "<group>"; };
		D5E68FA907427B666E769C7E /* V35MermaidValidationTests.swift */ = {isa = PBXFileReference; lastKnownFileType = sourcecode.swift; path = V35MermaidValidationTests.swift; sourceTree = "<group>"; };
		D821FB3C84390B33197E489D /* V61FallbackParserTests.swift */ = {isa = PBXFileReference; lastKnownFileType = sourcecode.swift; path = V61FallbackParserTests.swift; sourceTree = "<group>"; };
		DC8AA6F043C5D86351B21702 /* MermaidMetaComments.swift */ = {isa = PBXFileReference; lastKnownFileType = sourcecode.swift; path = MermaidMetaComments.swift; sourceTree = "<group>"; };
		DD6C04EEC90346734FB9EA87 /* V61LiveReloadTests.swift */ = {isa = PBXFileReference; lastKnownFileType = sourcecode.swift; path = V61LiveReloadTests.swift; sourceTree = "<group>"; };
		DEA196EBDEAE56D7AF0CD737 /* V49VisualVerificationTest.swift */ = {isa = PBXFileReference; lastKnownFileType = sourcecode.swift; path = V49VisualVerificationTest.swift; sourceTree = "<group>"; };
		DFB24B5CB42FC0F5F7ACEB3C /* V28VisualTests.swift */ = {isa = PBXFileReference; lastKnownFileType = sourcecode.swift; path = V28VisualTests.swift; sourceTree = "<group>"; };
		DFC87568BE840D5C7D10ADC2 /* NoteMiniSheet.swift */ = {isa = PBXFileReference; lastKnownFileType = sourcecode.swift; path = NoteMiniSheet.swift; sourceTree = "<group>"; };
		E00A564942F1596BCF995981 /* CanvasViewportState.swift */ = {isa = PBXFileReference; lastKnownFileType = sourcecode.swift; path = CanvasViewportState.swift; sourceTree = "<group>"; };
		E0DB770D9036DCE9E3A4CCAE /* V50PlacementTests.swift */ = {isa = PBXFileReference; lastKnownFileType = sourcecode.swift; path = V50PlacementTests.swift; sourceTree = "<group>"; };
		E3F52FD609E4FB0BD43F6F24 /* iPhoneFrameMath.swift */ = {isa = PBXFileReference; lastKnownFileType = sourcecode.swift; path = iPhoneFrameMath.swift; sourceTree = "<group>"; };
		E64EA15DE9F7EF0E7DBB7DA2 /* CanvasModel.swift */ = {isa = PBXFileReference; lastKnownFileType = sourcecode.swift; path = CanvasModel.swift; sourceTree = "<group>"; };
		EC4E59D9C01F2EAAAF7E31E7 /* DragOutTests.swift */ = {isa = PBXFileReference; lastKnownFileType = sourcecode.swift; path = DragOutTests.swift; sourceTree = "<group>"; };
		ED590D33CB43237C2318CD20 /* Orientation.swift */ = {isa = PBXFileReference; lastKnownFileType = sourcecode.swift; path = Orientation.swift; sourceTree = "<group>"; };
		EEE97DAAFD2C7BA329CC359D /* V65SkrapFlodeTests.swift */ = {isa = PBXFileReference; lastKnownFileType = sourcecode.swift; path = V65SkrapFlodeTests.swift; sourceTree = "<group>"; };
		EFDF13A8781A9AEB71B87BEB /* iPhoneFrameOverlay.swift */ = {isa = PBXFileReference; lastKnownFileType = sourcecode.swift; path = iPhoneFrameOverlay.swift; sourceTree = "<group>"; };
		F1B560714D67098D8A734035 /* V33VersionVisibleTests.swift */ = {isa = PBXFileReference; lastKnownFileType = sourcecode.swift; path = V33VersionVisibleTests.swift; sourceTree = "<group>"; };
		F3DFB75F9A8C3B90AE72B3C7 /* ComponentGallery.swift */ = {isa = PBXFileReference; lastKnownFileType = sourcecode.swift; path = ComponentGallery.swift; sourceTree = "<group>"; };
		F412CFF6EF86D30458B755F5 /* test_pill_chip.1.png */ = {isa = PBXFileReference; lastKnownFileType = image.png; path = test_pill_chip.1.png; sourceTree = "<group>"; };
		F4EC13BC52408F5BEC68F4C2 /* FlowRenderer.swift */ = {isa = PBXFileReference; lastKnownFileType = sourcecode.swift; path = FlowRenderer.swift; sourceTree = "<group>"; };
		F826C6DA929F2F164CCC9183 /* UIScreenRenderer.swift */ = {isa = PBXFileReference; lastKnownFileType = sourcecode.swift; path = UIScreenRenderer.swift; sourceTree = "<group>"; };
		FAA597C88CA5ABD913AC7597 /* OrientationTests.swift */ = {isa = PBXFileReference; lastKnownFileType = sourcecode.swift; path = OrientationTests.swift; sourceTree = "<group>"; };
		FC95C52F0BD6AE0247DD2F4F /* ShapePack.swift */ = {isa = PBXFileReference; lastKnownFileType = sourcecode.swift; path = ShapePack.swift; sourceTree = "<group>"; };
		FEE60C6AE7EC4A29F7FDC59B /* NotePopupSheet.swift */ = {isa = PBXFileReference; lastKnownFileType = sourcecode.swift; path = NotePopupSheet.swift; sourceTree = "<group>"; };
		FF04A29A100E836C9DE2317A /* FileChangeObserver.swift */ = {isa = PBXFileReference; lastKnownFileType = sourcecode.swift; path = FileChangeObserver.swift; sourceTree = "<group>"; };
/* End PBXFileReference section */

/* Begin PBXFrameworksBuildPhase section */
		F8F4D3420B925FB0CAFD86F0 /* Frameworks */ = {
			isa = PBXFrameworksBuildPhase;
			buildActionMask = 2147483647;
			files = (
				F981FB6DBB390CE175179931 /* SnapshotTesting in Frameworks */,
			);
			runOnlyForDeploymentPostprocessing = 0;
		};
/* End PBXFrameworksBuildPhase section */

/* Begin PBXGroup section */
		07AEA4242A8BE5C1D490A874 /* Preview */ = {
			isa = PBXGroup;
			children = (
				8A17DC5C49C9A8AC3CEAD1A9 /* ArchitectureRenderer.swift */,
				F4EC13BC52408F5BEC68F4C2 /* FlowRenderer.swift */,
				D5C0DD5D2C1997930394380A /* GodotPreviewRenderer.swift */,
				B46BA0AC17E51F46D4411804 /* RoadmapRenderer.swift */,
				71E6FAA7A14093A0397C1316 /* UIRenderer.swift */,
				F826C6DA929F2F164CCC9183 /* UIScreenRenderer.swift */,
			);
			path = Preview;
			sourceTree = "<group>";
		};
		16AF4C64695A84C9CD01AED1 /* Models */ = {
			isa = PBXGroup;
			children = (
				E64EA15DE9F7EF0E7DBB7DA2 /* CanvasModel.swift */,
				3DE4294A22E46D9AD1D9A9AD /* ColorPack.swift */,
				652829BD1563106E2A8CB9C7 /* EdgeConnection.swift */,
				E3F52FD609E4FB0BD43F6F24 /* iPhoneFrameMath.swift */,
				2D0E6420DE137F57D019A7EB /* ShapeNode.swift */,
				535348C28035BBC3C632F26A /* TextStyle.swift */,
			);
			path = Models;
			sourceTree = "<group>";
		};
		2543505D94410149F6088F34 /* Canvas */ = {
			isa = PBXGroup;
			children = (
				E00A564942F1596BCF995981 /* CanvasViewportState.swift */,
				25EF82F1BF18F5CFD8CF0343 /* FloatingChipPreview.swift */,
				CD6968E399818BEA6D65ECAC /* ZoomableCanvas.swift */,
			);
			path = Canvas;
			sourceTree = "<group>";
		};
		39D256FE7DA9ACB022D0527D /* Views */ = {
			isa = PBXGroup;
			children = (
				228F689846F0D1503749250D /* CanvasView.swift */,
				BC3F29CF8344C9E9506C6A7C /* CollapseBadge.swift */,
				6B178BEA1AEBDF17190855C6 /* ColorPackPopover.swift */,
				A5D9B47CD0F8611AE60375D4 /* ColorPickerPopover.swift */,
				0D8276A5671DB21A8FBD20CA /* DotGridBackground.swift */,
				56A46A6F6935FA0155F48A20 /* EdgeCollapseBadges.swift */,
				CB0A0E15AFE7F04DC3EFE060 /* EdgeLabelSheet.swift */,
				63EC33DCD9A1923246CA727F /* EdgeMath.swift */,
				6C857637FAB48F6C5E7460F8 /* EdgeRouting.swift */,
				7551766C6C334EDA0CFD664E /* EditShapeSheet.swift */,
				246DAEE1890CEA36F3801363 /* EmptyCanvasHint.swift */,
				EFDF13A8781A9AEB71B87BEB /* iPhoneFrameOverlay.swift */,
				7B7282ECFED87095333BB0D4 /* LägenMenu.swift */,
				55D301AFD2BD69C0466CD57E /* MarkerOverlay.swift */,
				20E758503F87EFE8F022D1C4 /* MermaidCodeSheet.swift */,
				568A38DC7C5E3F152C0E95AD /* MermaidImportSheet.swift */,
				5E8939496F66A840CB33C797 /* NewCanvasSheet.swift */,
				ADAFD7500719BA94561524F9 /* NoteBadge.swift */,
				05DF6BC9457837FA79F79B7A /* NoteCard.swift */,
				DFC87568BE840D5C7D10ADC2 /* NoteMiniSheet.swift */,
				FEE60C6AE7EC4A29F7FDC59B /* NotePopupSheet.swift */,
				C01D8B44379527554A687A47 /* PlatformRulesSheet.swift */,
				D35F5529A9079DF8958E486C /* PreviewSheet.swift */,
				1AD05DC75C3DACAAAA666424 /* PromptBadge.swift */,
				C4AC08D083BA17A4DAD75DA6 /* ShapeContextMenu.swift */,
				2CBF6842E64C15176403ED9A /* TableEditorSheet.swift */,
				23D164BF747C4ACF00F0921D /* ToolbarView.swift */,
				3F2CBADEE919A0EC993D21F6 /* Debug */,
				5B2E47D263E03FC15133D9E0 /* Handles */,
				C3AE557F7872664DCFECA2B6 /* Shapes */,
			);
			path = Views;
			sourceTree = "<group>";
		};
		3A3BC9C085033B21CE4FBA3E /* Resources */ = {
			isa = PBXGroup;
			children = (
				0DF183504C9423B6FDC2B195 /* Assets.xcassets */,
				162B95FA55DB4DCDFA210778 /* METOD-VISUELL-DIALOG.md */,
			);
			path = Resources;
			sourceTree = "<group>";
		};
		3F2CBADEE919A0EC993D21F6 /* Debug */ = {
			isa = PBXGroup;
			children = (
				F3DFB75F9A8C3B90AE72B3C7 /* ComponentGallery.swift */,
			);
			path = Debug;
			sourceTree = "<group>";
		};
		4D94A3A742023EF3733588D3 = {
			isa = PBXGroup;
			children = (
				3A3BC9C085033B21CE4FBA3E /* Resources */,
				660D91CE59927312F56CDC86 /* Sources */,
				E3D18F6332B423EFA76528CE /* UITests */,
				AA5FAA7D12A4658BD9E607B8 /* UnitTests */,
				78CD20FCFFFAFA27623030C3 /* Products */,
			);
			sourceTree = "<group>";
		};
		5577221B268607615A9BE866 /* SnapshotTests */ = {
			isa = PBXGroup;
			children = (
				0EF3CF9F456AC109F02223E3 /* test_component_gallery_full.1.png */,
				C15C2D1CD9CB0FFE5A6F1C69 /* test_diamond_chip_vs_canvas_side_by_side.1.png */,
				A29372DCECBC709B68A13662 /* test_diamond_chip.1.png */,
				34199C0F78572AE99CDD5E31 /* test_diamond_shape.1.png */,
				72FF022E5293D765B68F37FC /* test_edge_collapse_minus_badge.1.png */,
				66600DB6D99224DEC8E1EF22 /* test_edge_stub_plus_badge.1.png */,
				1FCD095D020EF17998E82F01 /* test_pill_chip_vs_canvas_side_by_side.1.png */,
				F412CFF6EF86D30458B755F5 /* test_pill_chip.1.png */,
				7DA70C2BF0320E293B5E247C /* test_pill_shape.1.png */,
				3F645AAD0567E912FC35F400 /* test_processarrow_chip_vs_canvas_side_by_side.1.png */,
				A41F5BB86AF1A189F4D59116 /* test_processarrow_chip.1.png */,
				5241E0B28FCA54237EFD6C8D /* test_processarrow_shape.1.png */,
				52F65576D84E01864C005B7D /* test_square_chip_vs_canvas_side_by_side.1.png */,
				7AEE1B1C74B79EB4BCC084BF /* test_square_chip.1.png */,
				D1A3B497A1E73B822E786868 /* test_square_shape.1.png */,
			);
			path = SnapshotTests;
			sourceTree = "<group>";
		};
		5B2E47D263E03FC15133D9E0 /* Handles */ = {
			isa = PBXGroup;
			children = (
				4871DFF5E0EF494F3407DC30 /* FreeResizeIcon.swift */,
				53740DEBAABA9011B2F2F531 /* LineEndpointHandle.swift */,
				7052AEAD21FE4BBA576C49FE /* MultiSelectResizeHandle.swift */,
				74DFBC8BB6B3D993600C53AE /* SelectionHandles.swift */,
				A0807039C26319F36B77EEE0 /* SelectionOutline.swift */,
			);
			path = Handles;
			sourceTree = "<group>";
		};
		660D91CE59927312F56CDC86 /* Sources */ = {
			isa = PBXGroup;
			children = (
				B3564BBBF2A98B2C2719EA52 /* App */,
				6CFB8686B3F96F98823233EC /* ClaudeCode */,
				7FC76266063536257C1D33CF /* Mermaid */,
			);
			path = Sources;
			sourceTree = "<group>";
		};
		6CFB8686B3F96F98823233EC /* ClaudeCode */ = {
			isa = PBXGroup;
			children = (
				6C3DCDC8331BCDF47CCDAF74 /* Platform.swift */,
				024C106FB50C0683CF678899 /* PlatformRules.swift */,
				2EF598794C77B5356BD45AF8 /* ShapeCategory.swift */,
				FC95C52F0BD6AE0247DD2F4F /* ShapePack.swift */,
				9D8FD6B4155657347C8EB1C6 /* Rules */,
			);
			path = ClaudeCode;
			sourceTree = "<group>";
		};
		78CD20FCFFFAFA27623030C3 /* Products */ = {
			isa = PBXGroup;
			children = (
				A41FA538C9BC15A0207D05FA /* MermaidCanvas.app */,
				37BFF9992642AD7A34ABD264 /* MermaidCanvasUITests.xctest */,
				0B2B5D75E6C39BD72EC980C0 /* MermaidCanvasUnitTests.xctest */,
			);
			name = Products;
			sourceTree = "<group>";
		};
		7FC76266063536257C1D33CF /* Mermaid */ = {
			isa = PBXGroup;
			children = (
				16EE5157030AD0CE1127BF10 /* MermaidAutoLayout.swift */,
				773E26EEF5D1BFF7AAF208EC /* MermaidGenerator.swift */,
				DC8AA6F043C5D86351B21702 /* MermaidMetaComments.swift */,
				4A177F6C2EEBA78E4CCE48E0 /* MermaidParser.swift */,
				6660E4DB431B5BBCAF625147 /* SpecType.swift */,
			);
			path = Mermaid;
			sourceTree = "<group>";
		};
		8B99BE49D2C975832F9634B8 /* Persistence */ = {
			isa = PBXGroup;
			children = (
				63AB7BE4C160CC630F4E4CFA /* CanvasDocument.swift */,
				75DBE1118CB6B8E7AD3B7E51 /* CanvasFileManager.swift */,
				FF04A29A100E836C9DE2317A /* FileChangeObserver.swift */,
			);
			path = Persistence;
			sourceTree = "<group>";
		};
		9D8FD6B4155657347C8EB1C6 /* Rules */ = {
			isa = PBXGroup;
			children = (
				8C2CE96281E5A0A71CE2DC49 /* claude-canvas-protocol.md */,
				4F05E5949388DD0DA7C68672 /* godot-lexicon.md */,
				26849544B1328648A4C1C344 /* ios-swiftui-rules.md */,
				0E42EE69DC47FA92EA10BD2F /* prompt-process-rules.md */,
			);
			path = Rules;
			sourceTree = "<group>";
		};
		AA5FAA7D12A4658BD9E607B8 /* UnitTests */ = {
			isa = PBXGroup;
			children = (
				FAA597C88CA5ABD913AC7597 /* OrientationTests.swift */,
				19DBECF727C64AC554A79FCC /* RoundTripTests.swift */,
				5F6F52E499ADD995928FF171 /* SnapshotTests.swift */,
				D5E68FA907427B666E769C7E /* V35MermaidValidationTests.swift */,
				972221C4027943A89D26EE32 /* V49ConnectionSelectionTest.swift */,
				58D573B86492349DDA7F0428 /* V61DemoFileTests.swift */,
				D821FB3C84390B33197E489D /* V61FallbackParserTests.swift */,
				7CA0633D9D062EB58932AA78 /* V61KedjeFilTests.swift */,
				DD6C04EEC90346734FB9EA87 /* V61LiveReloadTests.swift */,
				26ACA77336DB3E2436AB111E /* V62RoundTripTests.swift */,
				29AB8B6E78A26319BBDAFFE3 /* V63RoundTripTests.swift */,
				3C40B3396814B4ACFE3B46F4 /* V64RoundTripTests.swift */,
				B94D1AD9EBC06C41E7947C6F /* V65AutosparTests.swift */,
				EEE97DAAFD2C7BA329CC359D /* V65SkrapFlodeTests.swift */,
				4ABF8F505A711743DBEECEB3 /* V66EdgeMathTests.swift */,
				2219B4F4B33CE187BDEA8EBE /* V66LineEndTests.swift */,
				C27B478DB8B95307D57B1E0C /* __Snapshots__ */,
			);
			path = UnitTests;
			sourceTree = "<group>";
		};
		B3564BBBF2A98B2C2719EA52 /* App */ = {
			isa = PBXGroup;
			children = (
				4913E980F026A3D6E49070B7 /* AppVersion.swift */,
				290C826C5E3BCE9774F09866 /* ContentView.swift */,
				9C35ACE4629BBC03F7002717 /* Info.plist */,
				8991BFDE5D87E4860241B535 /* main.swift */,
				B5E19899B1095A9DA449E20F /* MermaidCanvasApp.swift */,
				ED590D33CB43237C2318CD20 /* Orientation.swift */,
				88C546896307FCCDB4AC2C2F /* UITestScenarios.swift */,
				2543505D94410149F6088F34 /* Canvas */,
				16AF4C64695A84C9CD01AED1 /* Models */,
				8B99BE49D2C975832F9634B8 /* Persistence */,
				07AEA4242A8BE5C1D490A874 /* Preview */,
				39D256FE7DA9ACB022D0527D /* Views */,
			);
			path = App;
			sourceTree = "<group>";
		};
		C27B478DB8B95307D57B1E0C /* __Snapshots__ */ = {
			isa = PBXGroup;
			children = (
				5577221B268607615A9BE866 /* SnapshotTests */,
			);
			path = __Snapshots__;
			sourceTree = "<group>";
		};
		C3AE557F7872664DCFECA2B6 /* Shapes */ = {
			isa = PBXGroup;
			children = (
				3EC011658EA5250E6227B5D1 /* CanvasShapes.swift */,
				5B969A68524F5A084A0839C4 /* DesignTokens.swift */,
			);
			path = Shapes;
			sourceTree = "<group>";
		};
		E3D18F6332B423EFA76528CE /* UITests */ = {
			isa = PBXGroup;
			children = (
				EC4E59D9C01F2EAAAF7E31E7 /* DragOutTests.swift */,
				7B5AF23ACCEDEA978D643C8D /* EndToEndTests.swift */,
				18E84CB14F43922D67A3B8A4 /* LayoutOverflowTests.swift */,
				12BE1B86655B722847CCF708 /* V27FeatureTests.swift */,
				DFB24B5CB42FC0F5F7ACEB3C /* V28VisualTests.swift */,
				712C959EB74DC2F2B619CDBF /* V29CoverageTests.swift */,
				A170C71CB28B19F3E6BE8BCA /* V33AutoLoopTests.swift */,
				68762DE9C9330AD26444ACF6 /* V33SensorTests.swift */,
				F1B560714D67098D8A734035 /* V33VersionVisibleTests.swift */,
				48D49F47552871CE2D445E1F /* V34DropTests.swift */,
				844F94A0F70D925ADA72B619 /* V34PanSymmetryTests.swift */,
				7DE1EFE7C5FDD982C0043924 /* V35BugHuntTests.swift */,
				B5958A7631F79A8FEB1B4108 /* V46ExplorationTest.swift */,
				8A32EF129D0C8F481A9D9DF8 /* V48VerificationTest.swift */,
				DEA196EBDEAE56D7AF0CD737 /* V49VisualVerificationTest.swift */,
				6546F66CE86ABD8BA0B53FB7 /* V50PlacementMatrix.md */,
				E0DB770D9036DCE9E3A4CCAE /* V50PlacementTests.swift */,
			);
			path = UITests;
			sourceTree = "<group>";
		};
/* End PBXGroup section */

/* Begin PBXNativeTarget section */
		4A0EED9766A7F01541647364 /* MermaidCanvasUITests */ = {
			isa = PBXNativeTarget;
			buildConfigurationList = 749F8DD1CC5BF3C68A147363 /* Build configuration list for PBXNativeTarget "MermaidCanvasUITests" */;
			buildPhases = (
				D43DC79253ED64554D4EA23F /* Sources */,
				748C3E2929444C91E151241B /* Resources */,
			);
			buildRules = (
			);
			dependencies = (
				DF23872F9FF9CFA614B3620B /* PBXTargetDependency */,
			);
			name = MermaidCanvasUITests;
			packageProductDependencies = (
			);
			productName = MermaidCanvasUITests;
			productReference = 37BFF9992642AD7A34ABD264 /* MermaidCanvasUITests.xctest */;
			productType = "com.apple.product-type.bundle.ui-testing";
		};
		928846310326DCCC8D417F46 /* MermaidCanvas */ = {
			isa = PBXNativeTarget;
			buildConfigurationList = 2E0D5929DCCA552A2B1FF907 /* Build configuration list for PBXNativeTarget "MermaidCanvas" */;
			buildPhases = (
				A718CA4E2B891E5304E37B84 /* Sources */,
				EEDD37AC741BD8933202382D /* Resources */,
			);
			buildRules = (
			);
			dependencies = (
			);
			name = MermaidCanvas;
			packageProductDependencies = (
			);
			productName = MermaidCanvas;
			productReference = A41FA538C9BC15A0207D05FA /* MermaidCanvas.app */;
			productType = "com.apple.product-type.application";
		};
		BF6E1BF1DF8900B9387F894B /* MermaidCanvasUnitTests */ = {
			isa = PBXNativeTarget;
			buildConfigurationList = 878CB9A0881E9A7B9C33E04B /* Build configuration list for PBXNativeTarget "MermaidCanvasUnitTests" */;
			buildPhases = (
				CD2F22C25900B729C7A2F5B5 /* Sources */,
				A0EA5A8C7B1CAC53B8F6829C /* Resources */,
				F8F4D3420B925FB0CAFD86F0 /* Frameworks */,
			);
			buildRules = (
			);
			dependencies = (
				90C53F4877831D3977639D8E /* PBXTargetDependency */,
			);
			name = MermaidCanvasUnitTests;
			packageProductDependencies = (
				CC205BE752FCB6EEF9752960 /* SnapshotTesting */,
			);
			productName = MermaidCanvasUnitTests;
			productReference = 0B2B5D75E6C39BD72EC980C0 /* MermaidCanvasUnitTests.xctest */;
			productType = "com.apple.product-type.bundle.unit-test";
		};
/* End PBXNativeTarget section */

/* Begin PBXProject section */
		D5E6C3DA22FF8DB06D25532C /* Project object */ = {
			isa = PBXProject;
			attributes = {
				BuildIndependentTargetsInParallel = YES;
				LastUpgradeCheck = 1430;
				TargetAttributes = {
					4A0EED9766A7F01541647364 = {
						DevelopmentTeam = SFXR8MV6MP;
						ProvisioningStyle = Automatic;
						TestTargetID = 928846310326DCCC8D417F46;
					};
					928846310326DCCC8D417F46 = {
						DevelopmentTeam = SFXR8MV6MP;
						ProvisioningStyle = Automatic;
					};
					BF6E1BF1DF8900B9387F894B = {
						DevelopmentTeam = SFXR8MV6MP;
						ProvisioningStyle = Automatic;
					};
				};
			};
			buildConfigurationList = 76EF1AD47284ED535A36057D /* Build configuration list for PBXProject "MermaidCanvas" */;
			developmentRegion = en;
			hasScannedForEncodings = 0;
			knownRegions = (
				Base,
				en,
			);
			mainGroup = 4D94A3A742023EF3733588D3;
			minimizedProjectReferenceProxies = 1;
			packageReferences = (
				4C7345C89F7AFE31899F57C3 /* XCRemoteSwiftPackageReference "swift-snapshot-testing" */,
			);
			preferredProjectObjectVersion = 77;
			productRefGroup = 78CD20FCFFFAFA27623030C3 /* Products */;
			projectDirPath = "";
			projectRoot = "";
			targets = (
				928846310326DCCC8D417F46 /* MermaidCanvas */,
				4A0EED9766A7F01541647364 /* MermaidCanvasUITests */,
				BF6E1BF1DF8900B9387F894B /* MermaidCanvasUnitTests */,
			);
		};
/* End PBXProject section */

/* Begin PBXResourcesBuildPhase section */
		748C3E2929444C91E151241B /* Resources */ = {
			isa = PBXResourcesBuildPhase;
			buildActionMask = 2147483647;
			files = (
				03DADF184E0525E12D7E815A /* V50PlacementMatrix.md in Resources */,
			);
			runOnlyForDeploymentPostprocessing = 0;
		};
		A0EA5A8C7B1CAC53B8F6829C /* Resources */ = {
			isa = PBXResourcesBuildPhase;
			buildActionMask = 2147483647;
			files = (
				85283CC24837156EABB5A0F2 /* test_component_gallery_full.1.png in Resources */,
				4D6BFFBE6BC5EE66A23D05DA /* test_diamond_chip.1.png in Resources */,
				F703FF17F99496CE16469821 /* test_diamond_chip_vs_canvas_side_by_side.1.png in Resources */,
				7D95F212EDEA8077BE51BC5A /* test_diamond_shape.1.png in Resources */,
				5DF06D8483154EE8A4C834A5 /* test_edge_collapse_minus_badge.1.png in Resources */,
				CB744EE5C101B0A30D75CC42 /* test_edge_stub_plus_badge.1.png in Resources */,
				5A50365791B6A7E6EA5E5AE7 /* test_pill_chip.1.png in Resources */,
				67C5E692431A416DA4802220 /* test_pill_chip_vs_canvas_side_by_side.1.png in Resources */,
				8908BB722493ADED37C336CF /* test_pill_shape.1.png in Resources */,
				AB13E7A8AB6650E6F31CD1ED /* test_processarrow_chip.1.png in Resources */,
				F8FD936BEBCBD237D90BCD12 /* test_processarrow_chip_vs_canvas_side_by_side.1.png in Resources */,
				E27E117321CF7510879E7DC7 /* test_processarrow_shape.1.png in Resources */,
				59AA65D2448161A90BCE5383 /* test_square_chip.1.png in Resources */,
				9274716BC0D050B699A69D3A /* test_square_chip_vs_canvas_side_by_side.1.png in Resources */,
				41C89612B0E18952950F6FF9 /* test_square_shape.1.png in Resources */,
			);
			runOnlyForDeploymentPostprocessing = 0;
		};
		EEDD37AC741BD8933202382D /* Resources */ = {
			isa = PBXResourcesBuildPhase;
			buildActionMask = 2147483647;
			files = (
				0B5008A8351CBA21829492D4 /* Assets.xcassets in Resources */,
				FA1737FF5856B37C8337F489 /* METOD-VISUELL-DIALOG.md in Resources */,
				695946C0E2E224B06B35A288 /* claude-canvas-protocol.md in Resources */,
				08E3968AA32CB239C81D65C0 /* godot-lexicon.md in Resources */,
				4CBA5CE815AFDDCC6E0D9143 /* ios-swiftui-rules.md in Resources */,
				EF3A6ED12336454DED83D357 /* prompt-process-rules.md in Resources */,
			);
			runOnlyForDeploymentPostprocessing = 0;
		};
/* End PBXResourcesBuildPhase section */

/* Begin PBXSourcesBuildPhase section */
		A718CA4E2B891E5304E37B84 /* Sources */ = {
			isa = PBXSourcesBuildPhase;
			buildActionMask = 2147483647;
			files = (
				62EF8D225C5132FB200E453E /* AppVersion.swift in Sources */,
				2801B7CB05578020FBB75138 /* ArchitectureRenderer.swift in Sources */,
				11BE53EC33154017D1148891 /* CanvasDocument.swift in Sources */,
				0320F7EB8A111772BE23366A /* CanvasFileManager.swift in Sources */,
				17ED72AD26A9BC820FBA2F20 /* CanvasModel.swift in Sources */,
				31D4EC6627E7EC70A9128DE9 /* CanvasShapes.swift in Sources */,
				283770815BB34BD0261BB8AB /* CanvasView.swift in Sources */,
				5502DC1063808D7E976CD568 /* CanvasViewportState.swift in Sources */,
				3CB3443CCE6C72AEF0804D20 /* CollapseBadge.swift in Sources */,
				D289533B98FCCF66069A957F /* ColorPack.swift in Sources */,
				FCDCD38C1EC1587E7BD78E79 /* ColorPackPopover.swift in Sources */,
				C05B5E2C32DE5A1A45EDB120 /* ColorPickerPopover.swift in Sources */,
				2F596CE0C3F0E7DF851D38C8 /* ComponentGallery.swift in Sources */,
				999F92B22B0AD29CD9618710 /* ContentView.swift in Sources */,
				6EFFB3D3FBC5C5FFFD9CA469 /* DesignTokens.swift in Sources */,
				6C008675961ACF1741C26F8C /* DotGridBackground.swift in Sources */,
				3B9451B0A7EE6F905F567419 /* EdgeCollapseBadges.swift in Sources */,
				7BCCD9DB163AFD89CFA15B6E /* EdgeConnection.swift in Sources */,
				E342D27716614E0B8631409F /* EdgeLabelSheet.swift in Sources */,
				B1B15A6CCA968FE3EA9E0D32 /* EdgeMath.swift in Sources */,
				B98CB3E584346224B1671C65 /* EdgeRouting.swift in Sources */,
				8426638A65B4BA49FF8F7992 /* EditShapeSheet.swift in Sources */,
				FCAC9FAF1E4E5B985ABC8738 /* EmptyCanvasHint.swift in Sources */,
				9552F0FFF809B97E39DFE7B2 /* FileChangeObserver.swift in Sources */,
				E59147BD729B4A37CFCD70F5 /* FloatingChipPreview.swift in Sources */,
				37CDB2400AB50F876140666B /* FlowRenderer.swift in Sources */,
				04C814C48585BE412F417E62 /* FreeResizeIcon.swift in Sources */,
				9AB1323AC94DD3F120812641 /* GodotPreviewRenderer.swift in Sources */,
				F74E2839E386F7AEC63A00F6 /* LineEndpointHandle.swift in Sources */,
				B223CBB26989ABA415399D5D /* LägenMenu.swift in Sources */,
				D7A64473737D4E2EEDF93C94 /* MarkerOverlay.swift in Sources */,
				87D91925AB13DCBEE7F5A9EA /* MermaidAutoLayout.swift in Sources */,
				39C4BE0D9F1D7F0A3221BA24 /* MermaidCanvasApp.swift in Sources */,
				084589B8F55FD510FBAC84AD /* MermaidCodeSheet.swift in Sources */,
				D4DCD695BC41D0BC10ED943E /* MermaidGenerator.swift in Sources */,
				04F6EA93B52298C165CEB0DE /* MermaidImportSheet.swift in Sources */,
				59180BADCEB07539F7339DCA /* MermaidMetaComments.swift in Sources */,
				FC9084E24FF07A48A593D8DA /* MermaidParser.swift in Sources */,
				3AA3A067DEBA4D2C8353DBCA /* MultiSelectResizeHandle.swift in Sources */,
				56EC69DCCC047B4A694F09FA /* NewCanvasSheet.swift in Sources */,
				8F2521DE2FAD8F29346237F5 /* NoteBadge.swift in Sources */,
				3CDFC565E91B8D9F5E22E2CC /* NoteCard.swift in Sources */,
				CAA79A1EB7C4EBFAE9CE614B /* NoteMiniSheet.swift in Sources */,
				8ACA8B8CF558FE905EE46D08 /* NotePopupSheet.swift in Sources */,
				E9F929C8871959ACBABF2FF4 /* Orientation.swift in Sources */,
				AF71D014F6A90DEEDB254840 /* Platform.swift in Sources */,
				E89E5E4258D420A82D09BDD6 /* PlatformRules.swift in Sources */,
				D05D53CCB773A8CDA53268A8 /* PlatformRulesSheet.swift in Sources */,
				36044040C55FCA0697F0BC79 /* PreviewSheet.swift in Sources */,
				9B821A08FFD2B03B0DBC8108 /* PromptBadge.swift in Sources */,
				F1519E401F5E78369B9460C6 /* RoadmapRenderer.swift in Sources */,
				C46C713CCEB48E9A18DE0E7D /* SelectionHandles.swift in Sources */,
				A38386D414ADEA42388208A5 /* SelectionOutline.swift in Sources */,
				150FDE51DC332647769E703D /* ShapeCategory.swift in Sources */,
				6A90ADCCF6C9726C9EA3E725 /* ShapeContextMenu.swift in Sources */,
				46446F482FD69A836DDC86F6 /* ShapeNode.swift in Sources */,
				12EBA14EE04B3DA965A06DD9 /* ShapePack.swift in Sources */,
				0D269D054C7B87EB4F90776D /* SpecType.swift in Sources */,
				99D3AD3E87507BF6A37E2D1A /* TableEditorSheet.swift in Sources */,
				EE07F3D63E563AB7F9DACECA /* TextStyle.swift in Sources */,
				2BD29E95D2CC9E31480CE55E /* ToolbarView.swift in Sources */,
				F0BBD9CEA398C0C4817053DF /* UIRenderer.swift in Sources */,
				E178F46DAD052D49A4D5F5DE /* UIScreenRenderer.swift in Sources */,
				F53B7FFA3D8FF13EF388CADB /* UITestScenarios.swift in Sources */,
				E1C23B0DD30A0D05C656C957 /* ZoomableCanvas.swift in Sources */,
				7A3B931309CACA1A3384E304 /* iPhoneFrameMath.swift in Sources */,
				7EECEE3DC37DCC6AE815E975 /* iPhoneFrameOverlay.swift in Sources */,
				D2838AC593B1CDD08A3974F8 /* main.swift in Sources */,
			);
			runOnlyForDeploymentPostprocessing = 0;
		};
		CD2F22C25900B729C7A2F5B5 /* Sources */ = {
			isa = PBXSourcesBuildPhase;
			buildActionMask = 2147483647;
			files = (
				4F4607E6C9E9BD2B94C7BB6A /* OrientationTests.swift in Sources */,
				CAF3B1AA079DA30839223936 /* RoundTripTests.swift in Sources */,
				684C1AD7A649B0237F3C2A02 /* SnapshotTests.swift in Sources */,
				AC00E97749CE013D59F624CC /* V35MermaidValidationTests.swift in Sources */,
				05D7C2B2DFD541EDEBB30893 /* V49ConnectionSelectionTest.swift in Sources */,
				7087808445C8EAC8CAA7E5B1 /* V61DemoFileTests.swift in Sources */,
				D41DF508293DA8B03C6BF9C5 /* V61FallbackParserTests.swift in Sources */,
				C7D21B76F43B09290E13E630 /* V61KedjeFilTests.swift in Sources */,
				0B6CADDBF065261249DDE7A0 /* V61LiveReloadTests.swift in Sources */,
				9379533FF89331E9A87178EF /* V62RoundTripTests.swift in Sources */,
				D2A6F8B9F5EDFF0EC28D4F3C /* V63RoundTripTests.swift in Sources */,
				C854816CA241FED858ABD2AE /* V64RoundTripTests.swift in Sources */,
				A19DDD2B88B0271AFC397977 /* V65AutosparTests.swift in Sources */,
				96DD3B025BE13643B58A0113 /* V65SkrapFlodeTests.swift in Sources */,
				ECDE8A92B9B87918ED9D5206 /* V66EdgeMathTests.swift in Sources */,
				C5E33BBA497920382EF30209 /* V66LineEndTests.swift in Sources */,
			);
			runOnlyForDeploymentPostprocessing = 0;
		};
		D43DC79253ED64554D4EA23F /* Sources */ = {
			isa = PBXSourcesBuildPhase;
			buildActionMask = 2147483647;
			files = (
				414054BE34E93776285A75C4 /* DragOutTests.swift in Sources */,
				114AFC7D5751989280190FAC /* EndToEndTests.swift in Sources */,
				155367B36928BCB1652CCF2C /* LayoutOverflowTests.swift in Sources */,
				D4040B6552C65FDDCE78A77B /* V27FeatureTests.swift in Sources */,
				07E3490A9963968FB98F7B44 /* V28VisualTests.swift in Sources */,
				AF69DB14BC28BD45DC00EEA3 /* V29CoverageTests.swift in Sources */,
				B062DC28E74CDA1E0A26EF4A /* V33AutoLoopTests.swift in Sources */,
				1050688564BCFA611AFA4B66 /* V33SensorTests.swift in Sources */,
				9BAFA33B65E91F3B02ED1035 /* V33VersionVisibleTests.swift in Sources */,
				26BA18040735A21CC95E37DC /* V34DropTests.swift in Sources */,
				2FB60923F478B3E69A314A91 /* V34PanSymmetryTests.swift in Sources */,
				ACAD3D1912FDDEC2BB523429 /* V35BugHuntTests.swift in Sources */,
				A2D61FC3A2523D993BA72AE5 /* V46ExplorationTest.swift in Sources */,
				D3D1D0B08A5B220C248F63CE /* V48VerificationTest.swift in Sources */,
				66E7C0CA771E5C607A4F1B41 /* V49VisualVerificationTest.swift in Sources */,
				544D1031BCB9A98913A5DC1F /* V50PlacementTests.swift in Sources */,
			);
			runOnlyForDeploymentPostprocessing = 0;
		};
/* End PBXSourcesBuildPhase section */

/* Begin PBXTargetDependency section */
		90C53F4877831D3977639D8E /* PBXTargetDependency */ = {
			isa = PBXTargetDependency;
			target = 928846310326DCCC8D417F46 /* MermaidCanvas */;
			targetProxy = C407B78B58C497B217304C42 /* PBXContainerItemProxy */;
		};
		DF23872F9FF9CFA614B3620B /* PBXTargetDependency */ = {
			isa = PBXTargetDependency;
			target = 928846310326DCCC8D417F46 /* MermaidCanvas */;
			targetProxy = 14DEA19DA3413B42C1EC169D /* PBXContainerItemProxy */;
		};
/* End PBXTargetDependency section */

/* Begin XCBuildConfiguration section */
		12865679A95096D74808D9D5 /* Release */ = {
			isa = XCBuildConfiguration;
			buildSettings = {
				BUNDLE_LOADER = "$(TEST_HOST)";
				CODE_SIGN_STYLE = Automatic;
				DEVELOPMENT_TEAM = SFXR8MV6MP;
				GENERATE_INFOPLIST_FILE = YES;
				LD_RUNPATH_SEARCH_PATHS = (
					"$(inherited)",
					"@executable_path/Frameworks",
					"@loader_path/Frameworks",
				);
				PRODUCT_BUNDLE_IDENTIFIER = com.kimlundqvist.mermaidcanvas.uitests;
				SDKROOT = iphoneos;
				TARGETED_DEVICE_FAMILY = 1;
				TEST_TARGET_NAME = MermaidCanvas;
			};
			name = Release;
		};
		152A786556107FD7BF33F67F /* Debug */ = {
			isa = XCBuildConfiguration;
			buildSettings = {
				BUNDLE_LOADER = "$(TEST_HOST)";
				CODE_SIGN_STYLE = Automatic;
				DEVELOPMENT_TEAM = SFXR8MV6MP;
				GENERATE_INFOPLIST_FILE = YES;
				LD_RUNPATH_SEARCH_PATHS = (
					"$(inherited)",
					"@executable_path/Frameworks",
					"@loader_path/Frameworks",
				);
				PRODUCT_BUNDLE_IDENTIFIER = com.kimlundqvist.mermaidcanvas.unittests;
				SDKROOT = iphoneos;
				TARGETED_DEVICE_FAMILY = 1;
				TEST_HOST = "$(BUILT_PRODUCTS_DIR)/MermaidCanvas.app/MermaidCanvas";
			};
			name = Debug;
		};
		42292B4B2F0F8805125EE1A1 /* Release */ = {
			isa = XCBuildConfiguration;
			buildSettings = {
				ASSETCATALOG_COMPILER_APPICON_NAME = AppIcon;
				CODE_SIGN_IDENTITY = "iPhone Developer";
				CODE_SIGN_STYLE = Automatic;
				DEVELOPMENT_TEAM = SFXR8MV6MP;
				ENABLE_PREVIEWS = YES;
				INFOPLIST_FILE = Sources/App/Info.plist;
				LD_RUNPATH_SEARCH_PATHS = (
					"$(inherited)",
					"@executable_path/Frameworks",
				);
				PRODUCT_BUNDLE_IDENTIFIER = com.kimlundqvist.mermaidcanvas;
				SDKROOT = iphoneos;
				TARGETED_DEVICE_FAMILY = 1;
			};
			name = Release;
		};
		54485E35E5F1281D88431891 /* Debug */ = {
			isa = XCBuildConfiguration;
			buildSettings = {
				ASSETCATALOG_COMPILER_APPICON_NAME = AppIcon;
				CODE_SIGN_IDENTITY = "iPhone Developer";
				CODE_SIGN_STYLE = Automatic;
				DEVELOPMENT_TEAM = SFXR8MV6MP;
				ENABLE_PREVIEWS = YES;
				INFOPLIST_FILE = Sources/App/Info.plist;
				LD_RUNPATH_SEARCH_PATHS = (
					"$(inherited)",
					"@executable_path/Frameworks",
				);
				PRODUCT_BUNDLE_IDENTIFIER = com.kimlundqvist.mermaidcanvas;
				SDKROOT = iphoneos;
				TARGETED_DEVICE_FAMILY = 1;
			};
			name = Debug;
		};
		9E03EB025E417F8FD609EA50 /* Debug */ = {
			isa = XCBuildConfiguration;
			buildSettings = {
				BUNDLE_LOADER = "$(TEST_HOST)";
				CODE_SIGN_STYLE = Automatic;
				DEVELOPMENT_TEAM = SFXR8MV6MP;
				GENERATE_INFOPLIST_FILE = YES;
				LD_RUNPATH_SEARCH_PATHS = (
					"$(inherited)",
					"@executable_path/Frameworks",
					"@loader_path/Frameworks",
				);
				PRODUCT_BUNDLE_IDENTIFIER = com.kimlundqvist.mermaidcanvas.uitests;
				SDKROOT = iphoneos;
				TARGETED_DEVICE_FAMILY = 1;
				TEST_TARGET_NAME = MermaidCanvas;
			};
			name = Debug;
		};
		DD0B3C294EDDFEC836EB77B2 /* Release */ = {
			isa = XCBuildConfiguration;
			buildSettings = {
				ALWAYS_SEARCH_USER_PATHS = NO;
				CLANG_ANALYZER_NONNULL = YES;
				CLANG_ANALYZER_NUMBER_OBJECT_CONVERSION = YES_AGGRESSIVE;
				CLANG_CXX_LANGUAGE_STANDARD = "gnu++14";
				CLANG_CXX_LIBRARY = "libc++";
				CLANG_ENABLE_MODULES = YES;
				CLANG_ENABLE_OBJC_ARC = YES;
				CLANG_ENABLE_OBJC_WEAK = YES;
				CLANG_WARN_BLOCK_CAPTURE_AUTORELEASING = YES;
				CLANG_WARN_BOOL_CONVERSION = YES;
				CLANG_WARN_COMMA = YES;
				CLANG_WARN_CONSTANT_CONVERSION = YES;
				CLANG_WARN_DEPRECATED_OBJC_IMPLEMENTATIONS = YES;
				CLANG_WARN_DIRECT_OBJC_ISA_USAGE = YES_ERROR;
				CLANG_WARN_DOCUMENTATION_COMMENTS = YES;
				CLANG_WARN_EMPTY_BODY = YES;
				CLANG_WARN_ENUM_CONVERSION = YES;
				CLANG_WARN_INFINITE_RECURSION = YES;
				CLANG_WARN_INT_CONVERSION = YES;
				CLANG_WARN_NON_LITERAL_NULL_CONVERSION = YES;
				CLANG_WARN_OBJC_IMPLICIT_RETAIN_SELF = YES;
				CLANG_WARN_OBJC_LITERAL_CONVERSION = YES;
				CLANG_WARN_OBJC_ROOT_CLASS = YES_ERROR;
				CLANG_WARN_QUOTED_INCLUDE_IN_FRAMEWORK_HEADER = YES;
				CLANG_WARN_RANGE_LOOP_ANALYSIS = YES;
				CLANG_WARN_STRICT_PROTOTYPES = YES;
				CLANG_WARN_SUSPICIOUS_MOVE = YES;
				CLANG_WARN_UNGUARDED_AVAILABILITY = YES_AGGRESSIVE;
				CLANG_WARN_UNREACHABLE_CODE = YES;
				CLANG_WARN__DUPLICATE_METHOD_MATCH = YES;
				CODE_SIGN_STYLE = Automatic;
				COPY_PHASE_STRIP = NO;
				CURRENT_PROJECT_VERSION = 1;
				DEBUG_INFORMATION_FORMAT = "dwarf-with-dsym";
				DEVELOPMENT_TEAM = SFXR8MV6MP;
				ENABLE_NS_ASSERTIONS = NO;
				ENABLE_STRICT_OBJC_MSGSEND = YES;
				GCC_C_LANGUAGE_STANDARD = gnu11;
				GCC_NO_COMMON_BLOCKS = YES;
				GCC_WARN_64_TO_32_BIT_CONVERSION = YES;
				GCC_WARN_ABOUT_RETURN_TYPE = YES_ERROR;
				GCC_WARN_UNDECLARED_SELECTOR = YES;
				GCC_WARN_UNINITIALIZED_AUTOS = YES_AGGRESSIVE;
				GCC_WARN_UNUSED_FUNCTION = YES;
				GCC_WARN_UNUSED_VARIABLE = YES;
				IPHONEOS_DEPLOYMENT_TARGET = 17.0;
				MARKETING_VERSION = 1.0;
				MTL_ENABLE_DEBUG_INFO = NO;
				MTL_FAST_MATH = YES;
				PRODUCT_NAME = "$(TARGET_NAME)";
				SDKROOT = iphoneos;
				SWIFT_COMPILATION_MODE = wholemodule;
				SWIFT_OPTIMIZATION_LEVEL = "-O";
				SWIFT_VERSION = 5.0;
			};
			name = Release;
		};
		E0865C852B8B7681DC68E2C7 /* Release */ = {
			isa = XCBuildConfiguration;
			buildSettings = {
				BUNDLE_LOADER = "$(TEST_HOST)";
				CODE_SIGN_STYLE = Automatic;
				DEVELOPMENT_TEAM = SFXR8MV6MP;
				GENERATE_INFOPLIST_FILE = YES;
				LD_RUNPATH_SEARCH_PATHS = (
					"$(inherited)",
					"@executable_path/Frameworks",
					"@loader_path/Frameworks",
				);
				PRODUCT_BUNDLE_IDENTIFIER = com.kimlundqvist.mermaidcanvas.unittests;
				SDKROOT = iphoneos;
				TARGETED_DEVICE_FAMILY = 1;
				TEST_HOST = "$(BUILT_PRODUCTS_DIR)/MermaidCanvas.app/MermaidCanvas";
			};
			name = Release;
		};
		F8A733BB484D4FDD5918688B /* Debug */ = {
			isa = XCBuildConfiguration;
			buildSettings = {
				ALWAYS_SEARCH_USER_PATHS = NO;
				CLANG_ANALYZER_NONNULL = YES;
				CLANG_ANALYZER_NUMBER_OBJECT_CONVERSION = YES_AGGRESSIVE;
				CLANG_CXX_LANGUAGE_STANDARD = "gnu++14";
				CLANG_CXX_LIBRARY = "libc++";
				CLANG_ENABLE_MODULES = YES;
				CLANG_ENABLE_OBJC_ARC = YES;
				CLANG_ENABLE_OBJC_WEAK = YES;
				CLANG_WARN_BLOCK_CAPTURE_AUTORELEASING = YES;
				CLANG_WARN_BOOL_CONVERSION = YES;
				CLANG_WARN_COMMA = YES;
				CLANG_WARN_CONSTANT_CONVERSION = YES;
				CLANG_WARN_DEPRECATED_OBJC_IMPLEMENTATIONS = YES;
				CLANG_WARN_DIRECT_OBJC_ISA_USAGE = YES_ERROR;
				CLANG_WARN_DOCUMENTATION_COMMENTS = YES;
				CLANG_WARN_EMPTY_BODY = YES;
				CLANG_WARN_ENUM_CONVERSION = YES;
				CLANG_WARN_INFINITE_RECURSION = YES;
				CLANG_WARN_INT_CONVERSION = YES;
				CLANG_WARN_NON_LITERAL_NULL_CONVERSION = YES;
				CLANG_WARN_OBJC_IMPLICIT_RETAIN_SELF = YES;
				CLANG_WARN_OBJC_LITERAL_CONVERSION = YES;
				CLANG_WARN_OBJC_ROOT_CLASS = YES_ERROR;
				CLANG_WARN_QUOTED_INCLUDE_IN_FRAMEWORK_HEADER = YES;
				CLANG_WARN_RANGE_LOOP_ANALYSIS = YES;
				CLANG_WARN_STRICT_PROTOTYPES = YES;
				CLANG_WARN_SUSPICIOUS_MOVE = YES;
				CLANG_WARN_UNGUARDED_AVAILABILITY = YES_AGGRESSIVE;
				CLANG_WARN_UNREACHABLE_CODE = YES;
				CLANG_WARN__DUPLICATE_METHOD_MATCH = YES;
				CODE_SIGN_STYLE = Automatic;
				COPY_PHASE_STRIP = NO;
				CURRENT_PROJECT_VERSION = 1;
				DEBUG_INFORMATION_FORMAT = dwarf;
				DEVELOPMENT_TEAM = SFXR8MV6MP;
				ENABLE_STRICT_OBJC_MSGSEND = YES;
				ENABLE_TESTABILITY = YES;
				GCC_C_LANGUAGE_STANDARD = gnu11;
				GCC_DYNAMIC_NO_PIC = NO;
				GCC_NO_COMMON_BLOCKS = YES;
				GCC_OPTIMIZATION_LEVEL = 0;
				GCC_PREPROCESSOR_DEFINITIONS = (
					"$(inherited)",
					"DEBUG=1",
				);
				GCC_WARN_64_TO_32_BIT_CONVERSION = YES;
				GCC_WARN_ABOUT_RETURN_TYPE = YES_ERROR;
				GCC_WARN_UNDECLARED_SELECTOR = YES;
				GCC_WARN_UNINITIALIZED_AUTOS = YES_AGGRESSIVE;
				GCC_WARN_UNUSED_FUNCTION = YES;
				GCC_WARN_UNUSED_VARIABLE = YES;
				IPHONEOS_DEPLOYMENT_TARGET = 17.0;
				MARKETING_VERSION = 1.0;
				MTL_ENABLE_DEBUG_INFO = INCLUDE_SOURCE;
				MTL_FAST_MATH = YES;
				ONLY_ACTIVE_ARCH = YES;
				PRODUCT_NAME = "$(TARGET_NAME)";
				SDKROOT = iphoneos;
				SWIFT_ACTIVE_COMPILATION_CONDITIONS = DEBUG;
				SWIFT_OPTIMIZATION_LEVEL = "-Onone";
				SWIFT_VERSION = 5.0;
			};
			name = Debug;
		};
/* End XCBuildConfiguration section */

/* Begin XCConfigurationList section */
		2E0D5929DCCA552A2B1FF907 /* Build configuration list for PBXNativeTarget "MermaidCanvas" */ = {
			isa = XCConfigurationList;
			buildConfigurations = (
				54485E35E5F1281D88431891 /* Debug */,
				42292B4B2F0F8805125EE1A1 /* Release */,
			);
			defaultConfigurationIsVisible = 0;
			defaultConfigurationName = Debug;
		};
		749F8DD1CC5BF3C68A147363 /* Build configuration list for PBXNativeTarget "MermaidCanvasUITests" */ = {
			isa = XCConfigurationList;
			buildConfigurations = (
				9E03EB025E417F8FD609EA50 /* Debug */,
				12865679A95096D74808D9D5 /* Release */,
			);
			defaultConfigurationIsVisible = 0;
			defaultConfigurationName = Debug;
		};
		76EF1AD47284ED535A36057D /* Build configuration list for PBXProject "MermaidCanvas" */ = {
			isa = XCConfigurationList;
			buildConfigurations = (
				F8A733BB484D4FDD5918688B /* Debug */,
				DD0B3C294EDDFEC836EB77B2 /* Release */,
			);
			defaultConfigurationIsVisible = 0;
			defaultConfigurationName = Debug;
		};
		878CB9A0881E9A7B9C33E04B /* Build configuration list for PBXNativeTarget "MermaidCanvasUnitTests" */ = {
			isa = XCConfigurationList;
			buildConfigurations = (
				152A786556107FD7BF33F67F /* Debug */,
				E0865C852B8B7681DC68E2C7 /* Release */,
			);
			defaultConfigurationIsVisible = 0;
			defaultConfigurationName = Debug;
		};
/* End XCConfigurationList section */

/* Begin XCRemoteSwiftPackageReference section */
		4C7345C89F7AFE31899F57C3 /* XCRemoteSwiftPackageReference "swift-snapshot-testing" */ = {
			isa = XCRemoteSwiftPackageReference;
			repositoryURL = "https://github.com/pointfreeco/swift-snapshot-testing";
			requirement = {
				kind = upToNextMajorVersion;
				minimumVersion = 1.18.0;
			};
		};
/* End XCRemoteSwiftPackageReference section */

/* Begin XCSwiftPackageProductDependency section */
		CC205BE752FCB6EEF9752960 /* SnapshotTesting */ = {
			isa = XCSwiftPackageProductDependency;
			package = 4C7345C89F7AFE31899F57C3 /* XCRemoteSwiftPackageReference "swift-snapshot-testing" */;
			productName = SnapshotTesting;
		};
/* End XCSwiftPackageProductDependency section */
	};
	rootObject = D5E6C3DA22FF8DB06D25532C /* Project object */;
}
